// !$*UTF8*$!
{
	archiveVersion = 1;
	classes = {
	};
	objectVersion = 46;
	objects = {

/* Begin PBXBuildFile section */
		7416AAAC1E121B0C00A970A3 /* AppDelegate.m in Sources */ = {isa = PBXBuildFile; fileRef = 7416AA6C1E121B0C00A970A3 /* AppDelegate.m */; };
		7416AAAD1E121B0C00A970A3 /* Assets.xcassets in Resources */ = {isa = PBXBuildFile; fileRef = 7416AA6D1E121B0C00A970A3 /* Assets.xcassets */; };
		7416AAAE1E121B0C00A970A3 /* LaunchScreen.storyboard in Resources */ = {isa = PBXBuildFile; fileRef = 7416AA6E1E121B0C00A970A3 /* LaunchScreen.storyboard */; };
		7416AAAF1E121B0C00A970A3 /* Main.storyboard in Resources */ = {isa = PBXBuildFile; fileRef = 7416AA701E121B0C00A970A3 /* Main.storyboard */; };
		7416AAB11E121B0C00A970A3 /* main.m in Sources */ = {isa = PBXBuildFile; fileRef = 7416AA731E121B0C00A970A3 /* main.m */; };
		7416AACC1E121B0C00A970A3 /* ViewController.m in Sources */ = {isa = PBXBuildFile; fileRef = 7416AAAB1E121B0C00A970A3 /* ViewController.m */; };
		880BA6941EA49EDA0089B71F /* UISearchBar+ReactiveX.m in Sources */ = {isa = PBXBuildFile; fileRef = 880BA6931EA49EDA0089B71F /* UISearchBar+ReactiveX.m */; };
		C3E73CBF94C220E3528C6998 /* libPods-StreamKitDemo.a in Frameworks */ = {isa = PBXBuildFile; fileRef = 27B378167200FBC5A990C676 /* libPods-StreamKitDemo.a */; };
		C91514141E7679F800BFBCE5 /* NSNotificationCenter+StreamKit.m in Sources */ = {isa = PBXBuildFile; fileRef = C91513DC1E7679F800BFBCE5 /* NSNotificationCenter+StreamKit.m */; };
		C91514151E7679F800BFBCE5 /* NSObject+StreamKit.m in Sources */ = {isa = PBXBuildFile; fileRef = C91513DE1E7679F800BFBCE5 /* NSObject+StreamKit.m */; };
		C91514161E7679F800BFBCE5 /* UIAlertAction+StreamKit.m in Sources */ = {isa = PBXBuildFile; fileRef = C91513E01E7679F800BFBCE5 /* UIAlertAction+StreamKit.m */; };
		C91514171E7679F800BFBCE5 /* UIGestureRecognizer+StreamKit.m in Sources */ = {isa = PBXBuildFile; fileRef = C91513E41E7679F800BFBCE5 /* UIGestureRecognizer+StreamKit.m */; };
		C91514181E7679F800BFBCE5 /* UILongPressGestureRecognizer+StreamKit.m in Sources */ = {isa = PBXBuildFile; fileRef = C91513E61E7679F800BFBCE5 /* UILongPressGestureRecognizer+StreamKit.m */; };
		C91514191E7679F800BFBCE5 /* UIPanGestureRecognizer+StreamKit.m in Sources */ = {isa = PBXBuildFile; fileRef = C91513E81E7679F800BFBCE5 /* UIPanGestureRecognizer+StreamKit.m */; };
		C915141A1E7679F800BFBCE5 /* UIPinchGestureRecognizer+StreamKit.m in Sources */ = {isa = PBXBuildFile; fileRef = C91513EA1E7679F800BFBCE5 /* UIPinchGestureRecognizer+StreamKit.m */; };
		C915141B1E7679F800BFBCE5 /* UIRotationGestureRecognizer+StreamKit.m in Sources */ = {isa = PBXBuildFile; fileRef = C91513EC1E7679F800BFBCE5 /* UIRotationGestureRecognizer+StreamKit.m */; };
		C915141C1E7679F800BFBCE5 /* UISwipeGestureRecognizer+StreamKit.m in Sources */ = {isa = PBXBuildFile; fileRef = C91513EE1E7679F800BFBCE5 /* UISwipeGestureRecognizer+StreamKit.m */; };
		C915141D1E7679F800BFBCE5 /* UITapGestureRecognizer+StreamKit.m in Sources */ = {isa = PBXBuildFile; fileRef = C91513F01E7679F800BFBCE5 /* UITapGestureRecognizer+StreamKit.m */; };
		C915141E1E7679F800BFBCE5 /* UICollectionView+StreamKit.m in Sources */ = {isa = PBXBuildFile; fileRef = C91513F31E7679F800BFBCE5 /* UICollectionView+StreamKit.m */; };
		C915141F1E7679F800BFBCE5 /* UIScrollView+StreamKit.m in Sources */ = {isa = PBXBuildFile; fileRef = C91513F51E7679F800BFBCE5 /* UIScrollView+StreamKit.m */; };
		C91514201E7679F800BFBCE5 /* UITableView+StreamKit.m in Sources */ = {isa = PBXBuildFile; fileRef = C91513F71E7679F800BFBCE5 /* UITableView+StreamKit.m */; };
		C91514211E7679F800BFBCE5 /* UITextView+StreamKit.m in Sources */ = {isa = PBXBuildFile; fileRef = C91513F91E7679F800BFBCE5 /* UITextView+StreamKit.m */; };
		C91514221E7679F800BFBCE5 /* UIButton+StreamKit.m in Sources */ = {isa = PBXBuildFile; fileRef = C91513FC1E7679F800BFBCE5 /* UIButton+StreamKit.m */; };
		C91514231E7679F800BFBCE5 /* UIControl+StreamKit.m in Sources */ = {isa = PBXBuildFile; fileRef = C91513FE1E7679F800BFBCE5 /* UIControl+StreamKit.m */; };
		C91514241E7679F800BFBCE5 /* UIImageView+StreamKit.m in Sources */ = {isa = PBXBuildFile; fileRef = C91514001E7679F800BFBCE5 /* UIImageView+StreamKit.m */; };
		C91514251E7679F800BFBCE5 /* UIInputView+StreamKit.m in Sources */ = {isa = PBXBuildFile; fileRef = C91514021E7679F800BFBCE5 /* UIInputView+StreamKit.m */; };
		C91514261E7679F800BFBCE5 /* UILabel+StreamKit.m in Sources */ = {isa = PBXBuildFile; fileRef = C91514041E7679F800BFBCE5 /* UILabel+StreamKit.m */; };
		C91514271E7679F800BFBCE5 /* UIProgressView+StreamKit.m in Sources */ = {isa = PBXBuildFile; fileRef = C91514061E7679F800BFBCE5 /* UIProgressView+StreamKit.m */; };
		C91514281E7679F800BFBCE5 /* UISearchBar+StreamKit.m in Sources */ = {isa = PBXBuildFile; fileRef = C91514081E7679F800BFBCE5 /* UISearchBar+StreamKit.m */; };
		C91514291E7679F800BFBCE5 /* UISwitch+StreamKit.m in Sources */ = {isa = PBXBuildFile; fileRef = C915140A1E7679F800BFBCE5 /* UISwitch+StreamKit.m */; };
		C915142A1E7679F800BFBCE5 /* UITextField+StreamKit.m in Sources */ = {isa = PBXBuildFile; fileRef = C915140C1E7679F800BFBCE5 /* UITextField+StreamKit.m */; };
		C915142B1E7679F800BFBCE5 /* UIView+StreamKit.m in Sources */ = {isa = PBXBuildFile; fileRef = C915140E1E7679F800BFBCE5 /* UIView+StreamKit.m */; };
		C915142C1E7679F800BFBCE5 /* UIImagePickerController+StreamKit.m in Sources */ = {isa = PBXBuildFile; fileRef = C91514111E7679F800BFBCE5 /* UIImagePickerController+StreamKit.m */; };
		C915142D1E7679F800BFBCE5 /* UIPageViewController+StreamKit.m in Sources */ = {isa = PBXBuildFile; fileRef = C91514131E7679F800BFBCE5 /* UIPageViewController+StreamKit.m */; };
		C939E58B1E97881900F23E0E /* UIGestureRecognizer+ReactiveX.m in Sources */ = {isa = PBXBuildFile; fileRef = C939E58A1E97881900F23E0E /* UIGestureRecognizer+ReactiveX.m */; };
		C939E58E1E978C9A00F23E0E /* UIView+ReactiveX.m in Sources */ = {isa = PBXBuildFile; fileRef = C939E58D1E978C9A00F23E0E /* UIView+ReactiveX.m */; };
		C94EF6451ECF655C0037D06E /* Test.m in Sources */ = {isa = PBXBuildFile; fileRef = C94EF6441ECF655C0037D06E /* Test.m */; };
		C95273A61E8E5A8B0017B78F /* NSString+StreamKit.m in Sources */ = {isa = PBXBuildFile; fileRef = C95273A51E8E5A8B0017B78F /* NSString+StreamKit.m */; };
		C95273AA1E8E6A0B0017B78F /* SKSignal.m in Sources */ = {isa = PBXBuildFile; fileRef = C95273A91E8E6A0B0017B78F /* SKSignal.m */; };
		C955498C1E8CE92B003C55AF /* SecondController.m in Sources */ = {isa = PBXBuildFile; fileRef = C955498B1E8CE92B003C55AF /* SecondController.m */; };
		C9A392F31ED1BB6B00EFA3B8 /* SKCommand.m in Sources */ = {isa = PBXBuildFile; fileRef = C9A392F21ED1BB6B00EFA3B8 /* SKCommand.m */; };
		C9A392F61ED1E41A00EFA3B8 /* UIButton+SKCommand.m in Sources */ = {isa = PBXBuildFile; fileRef = C9A392F51ED1E41A00EFA3B8 /* UIButton+SKCommand.m */; };
		C9A392F91ED1EE1C00EFA3B8 /* UIView+SKCommand.m in Sources */ = {isa = PBXBuildFile; fileRef = C9A392F81ED1EE1C00EFA3B8 /* UIView+SKCommand.m */; };
		C9B62B8F1E06BE0400920035 /* StreamKitTests.m in Sources */ = {isa = PBXBuildFile; fileRef = C9B62B8E1E06BE0400920035 /* StreamKitTests.m */; };
		C9B62B9A1E06BE0400920035 /* StreamKitUITests.m in Sources */ = {isa = PBXBuildFile; fileRef = C9B62B991E06BE0400920035 /* StreamKitUITests.m */; };
		C9B751261EC0C75B0034C413 /* NSArray+ReactiveX.m in Sources */ = {isa = PBXBuildFile; fileRef = C9B751251EC0C75B0034C413 /* NSArray+ReactiveX.m */; };
		C9B751291EC0C8080034C413 /* NSDictionary+ReactiveX.m in Sources */ = {isa = PBXBuildFile; fileRef = C9B751281EC0C8080034C413 /* NSDictionary+ReactiveX.m */; };
		C9D6C6CD1E9CB83D00CD8E8F /* UIScrollView+ReactiveX.m in Sources */ = {isa = PBXBuildFile; fileRef = C9D6C6CC1E9CB83D00CD8E8F /* UIScrollView+ReactiveX.m */; };
		C9DCC3E71E97441C006E9B82 /* UITextField+ReactiveX.m in Sources */ = {isa = PBXBuildFile; fileRef = C9DCC3E61E97441C006E9B82 /* UITextField+ReactiveX.m */; };
		C9DCC3EA1E9747CC006E9B82 /* UITextView+ReactiveX.m in Sources */ = {isa = PBXBuildFile; fileRef = C9DCC3E91E9747CC006E9B82 /* UITextView+ReactiveX.m */; };
		C9DCC3ED1E975A18006E9B82 /* StreamObserver.m in Sources */ = {isa = PBXBuildFile; fileRef = C9DCC3EC1E975A18006E9B82 /* StreamObserver.m */; };
		C9EB62A61E973A8000B08FCE /* NSObject+ReactiveX.m in Sources */ = {isa = PBXBuildFile; fileRef = C9EB62A51E973A8000B08FCE /* NSObject+ReactiveX.m */; };
		C9F3E0E51E94E440000661E0 /* UIControl+ReactiveX.m in Sources */ = {isa = PBXBuildFile; fileRef = C9F3E0E41E94E440000661E0 /* UIControl+ReactiveX.m */; };
		C9F3E0ED1E94EACA000661E0 /* SKSubscriber.m in Sources */ = {isa = PBXBuildFile; fileRef = C9F3E0EC1E94EACA000661E0 /* SKSubscriber.m */; };
/* End PBXBuildFile section */

/* Begin PBXContainerItemProxy section */
		C9B62B8B1E06BE0400920035 /* PBXContainerItemProxy */ = {
			isa = PBXContainerItemProxy;
			containerPortal = C9B62B691E06BE0300920035 /* Project object */;
			proxyType = 1;
			remoteGlobalIDString = C9B62B701E06BE0300920035;
			remoteInfo = StreamKit;
		};
		C9B62B961E06BE0400920035 /* PBXContainerItemProxy */ = {
			isa = PBXContainerItemProxy;
			containerPortal = C9B62B691E06BE0300920035 /* Project object */;
			proxyType = 1;
			remoteGlobalIDString = C9B62B701E06BE0300920035;
			remoteInfo = StreamKit;
		};
/* End PBXContainerItemProxy section */

/* Begin PBXFileReference section */
		27B378167200FBC5A990C676 /* libPods-StreamKitDemo.a */ = {isa = PBXFileReference; explicitFileType = archive.ar; includeInIndex = 0; path = "libPods-StreamKitDemo.a"; sourceTree = BUILT_PRODUCTS_DIR; };
		7416AA6B1E121B0C00A970A3 /* AppDelegate.h */ = {isa = PBXFileReference; fileEncoding = 4; lastKnownFileType = sourcecode.c.h; path = AppDelegate.h; sourceTree = "<group>"; };
		7416AA6C1E121B0C00A970A3 /* AppDelegate.m */ = {isa = PBXFileReference; fileEncoding = 4; lastKnownFileType = sourcecode.c.objc; path = AppDelegate.m; sourceTree = "<group>"; };
		7416AA6D1E121B0C00A970A3 /* Assets.xcassets */ = {isa = PBXFileReference; lastKnownFileType = folder.assetcatalog; path = Assets.xcassets; sourceTree = "<group>"; };
		7416AA6F1E121B0C00A970A3 /* Base */ = {isa = PBXFileReference; lastKnownFileType = file.storyboard; name = Base; path = Base.lproj/LaunchScreen.storyboard; sourceTree = "<group>"; };
		7416AA711E121B0C00A970A3 /* Base */ = {isa = PBXFileReference; lastKnownFileType = file.storyboard; name = Base; path = Base.lproj/Main.storyboard; sourceTree = "<group>"; };
		7416AA721E121B0C00A970A3 /* Info.plist */ = {isa = PBXFileReference; fileEncoding = 4; lastKnownFileType = text.plist.xml; path = Info.plist; sourceTree = "<group>"; };
		7416AA731E121B0C00A970A3 /* main.m */ = {isa = PBXFileReference; fileEncoding = 4; lastKnownFileType = sourcecode.c.objc; path = main.m; sourceTree = "<group>"; };
		7416AAAA1E121B0C00A970A3 /* ViewController.h */ = {isa = PBXFileReference; fileEncoding = 4; lastKnownFileType = sourcecode.c.h; path = ViewController.h; sourceTree = "<group>"; };
		7416AAAB1E121B0C00A970A3 /* ViewController.m */ = {isa = PBXFileReference; fileEncoding = 4; lastKnownFileType = sourcecode.c.objc; path = ViewController.m; sourceTree = "<group>"; };
		880BA6921EA49EDA0089B71F /* UISearchBar+ReactiveX.h */ = {isa = PBXFileReference; fileEncoding = 4; lastKnownFileType = sourcecode.c.h; path = "UISearchBar+ReactiveX.h"; sourceTree = "<group>"; };
		880BA6931EA49EDA0089B71F /* UISearchBar+ReactiveX.m */ = {isa = PBXFileReference; fileEncoding = 4; lastKnownFileType = sourcecode.c.objc; path = "UISearchBar+ReactiveX.m"; sourceTree = "<group>"; };
		C2B74F3A9131EAA4C24F954E /* Pods-StreamKitDemo.release.xcconfig */ = {isa = PBXFileReference; includeInIndex = 1; lastKnownFileType = text.xcconfig; name = "Pods-StreamKitDemo.release.xcconfig"; path = "Pods/Target Support Files/Pods-StreamKitDemo/Pods-StreamKitDemo.release.xcconfig"; sourceTree = "<group>"; };
		C91513DB1E7679F800BFBCE5 /* NSNotificationCenter+StreamKit.h */ = {isa = PBXFileReference; fileEncoding = 4; lastKnownFileType = sourcecode.c.h; path = "NSNotificationCenter+StreamKit.h"; sourceTree = "<group>"; };
		C91513DC1E7679F800BFBCE5 /* NSNotificationCenter+StreamKit.m */ = {isa = PBXFileReference; fileEncoding = 4; lastKnownFileType = sourcecode.c.objc; path = "NSNotificationCenter+StreamKit.m"; sourceTree = "<group>"; };
		C91513DD1E7679F800BFBCE5 /* NSObject+StreamKit.h */ = {isa = PBXFileReference; fileEncoding = 4; lastKnownFileType = sourcecode.c.h; path = "NSObject+StreamKit.h"; sourceTree = "<group>"; };
		C91513DE1E7679F800BFBCE5 /* NSObject+StreamKit.m */ = {isa = PBXFileReference; fileEncoding = 4; lastKnownFileType = sourcecode.c.objc; path = "NSObject+StreamKit.m"; sourceTree = "<group>"; };
		C91513DF1E7679F800BFBCE5 /* UIAlertAction+StreamKit.h */ = {isa = PBXFileReference; fileEncoding = 4; lastKnownFileType = sourcecode.c.h; path = "UIAlertAction+StreamKit.h"; sourceTree = "<group>"; };
		C91513E01E7679F800BFBCE5 /* UIAlertAction+StreamKit.m */ = {isa = PBXFileReference; fileEncoding = 4; lastKnownFileType = sourcecode.c.objc; path = "UIAlertAction+StreamKit.m"; sourceTree = "<group>"; };
		C91513E11E7679F800BFBCE5 /* StreamKit.h */ = {isa = PBXFileReference; fileEncoding = 4; lastKnownFileType = sourcecode.c.h; path = StreamKit.h; sourceTree = "<group>"; };
		C91513E31E7679F800BFBCE5 /* UIGestureRecognizer+StreamKit.h */ = {isa = PBXFileReference; fileEncoding = 4; lastKnownFileType = sourcecode.c.h; path = "UIGestureRecognizer+StreamKit.h"; sourceTree = "<group>"; };
		C91513E41E7679F800BFBCE5 /* UIGestureRecognizer+StreamKit.m */ = {isa = PBXFileReference; fileEncoding = 4; lastKnownFileType = sourcecode.c.objc; path = "UIGestureRecognizer+StreamKit.m"; sourceTree = "<group>"; };
		C91513E51E7679F800BFBCE5 /* UILongPressGestureRecognizer+StreamKit.h */ = {isa = PBXFileReference; fileEncoding = 4; lastKnownFileType = sourcecode.c.h; path = "UILongPressGestureRecognizer+StreamKit.h"; sourceTree = "<group>"; };
		C91513E61E7679F800BFBCE5 /* UILongPressGestureRecognizer+StreamKit.m */ = {isa = PBXFileReference; fileEncoding = 4; lastKnownFileType = sourcecode.c.objc; path = "UILongPressGestureRecognizer+StreamKit.m"; sourceTree = "<group>"; };
		C91513E71E7679F800BFBCE5 /* UIPanGestureRecognizer+StreamKit.h */ = {isa = PBXFileReference; fileEncoding = 4; lastKnownFileType = sourcecode.c.h; path = "UIPanGestureRecognizer+StreamKit.h"; sourceTree = "<group>"; };
		C91513E81E7679F800BFBCE5 /* UIPanGestureRecognizer+StreamKit.m */ = {isa = PBXFileReference; fileEncoding = 4; lastKnownFileType = sourcecode.c.objc; path = "UIPanGestureRecognizer+StreamKit.m"; sourceTree = "<group>"; };
		C91513E91E7679F800BFBCE5 /* UIPinchGestureRecognizer+StreamKit.h */ = {isa = PBXFileReference; fileEncoding = 4; lastKnownFileType = sourcecode.c.h; path = "UIPinchGestureRecognizer+StreamKit.h"; sourceTree = "<group>"; };
		C91513EA1E7679F800BFBCE5 /* UIPinchGestureRecognizer+StreamKit.m */ = {isa = PBXFileReference; fileEncoding = 4; lastKnownFileType = sourcecode.c.objc; path = "UIPinchGestureRecognizer+StreamKit.m"; sourceTree = "<group>"; };
		C91513EB1E7679F800BFBCE5 /* UIRotationGestureRecognizer+StreamKit.h */ = {isa = PBXFileReference; fileEncoding = 4; lastKnownFileType = sourcecode.c.h; path = "UIRotationGestureRecognizer+StreamKit.h"; sourceTree = "<group>"; };
		C91513EC1E7679F800BFBCE5 /* UIRotationGestureRecognizer+StreamKit.m */ = {isa = PBXFileReference; fileEncoding = 4; lastKnownFileType = sourcecode.c.objc; path = "UIRotationGestureRecognizer+StreamKit.m"; sourceTree = "<group>"; };
		C91513ED1E7679F800BFBCE5 /* UISwipeGestureRecognizer+StreamKit.h */ = {isa = PBXFileReference; fileEncoding = 4; lastKnownFileType = sourcecode.c.h; path = "UISwipeGestureRecognizer+StreamKit.h"; sourceTree = "<group>"; };
		C91513EE1E7679F800BFBCE5 /* UISwipeGestureRecognizer+StreamKit.m */ = {isa = PBXFileReference; fileEncoding = 4; lastKnownFileType = sourcecode.c.objc; path = "UISwipeGestureRecognizer+StreamKit.m"; sourceTree = "<group>"; };
		C91513EF1E7679F800BFBCE5 /* UITapGestureRecognizer+StreamKit.h */ = {isa = PBXFileReference; fileEncoding = 4; lastKnownFileType = sourcecode.c.h; path = "UITapGestureRecognizer+StreamKit.h"; sourceTree = "<group>"; };
		C91513F01E7679F800BFBCE5 /* UITapGestureRecognizer+StreamKit.m */ = {isa = PBXFileReference; fileEncoding = 4; lastKnownFileType = sourcecode.c.objc; path = "UITapGestureRecognizer+StreamKit.m"; sourceTree = "<group>"; };
		C91513F21E7679F800BFBCE5 /* UICollectionView+StreamKit.h */ = {isa = PBXFileReference; fileEncoding = 4; lastKnownFileType = sourcecode.c.h; path = "UICollectionView+StreamKit.h"; sourceTree = "<group>"; };
		C91513F31E7679F800BFBCE5 /* UICollectionView+StreamKit.m */ = {isa = PBXFileReference; fileEncoding = 4; lastKnownFileType = sourcecode.c.objc; path = "UICollectionView+StreamKit.m"; sourceTree = "<group>"; };
		C91513F41E7679F800BFBCE5 /* UIScrollView+StreamKit.h */ = {isa = PBXFileReference; fileEncoding = 4; lastKnownFileType = sourcecode.c.h; path = "UIScrollView+StreamKit.h"; sourceTree = "<group>"; };
		C91513F51E7679F800BFBCE5 /* UIScrollView+StreamKit.m */ = {isa = PBXFileReference; fileEncoding = 4; lastKnownFileType = sourcecode.c.objc; path = "UIScrollView+StreamKit.m"; sourceTree = "<group>"; };
		C91513F61E7679F800BFBCE5 /* UITableView+StreamKit.h */ = {isa = PBXFileReference; fileEncoding = 4; lastKnownFileType = sourcecode.c.h; path = "UITableView+StreamKit.h"; sourceTree = "<group>"; };
		C91513F71E7679F800BFBCE5 /* UITableView+StreamKit.m */ = {isa = PBXFileReference; fileEncoding = 4; lastKnownFileType = sourcecode.c.objc; path = "UITableView+StreamKit.m"; sourceTree = "<group>"; };
		C91513F81E7679F800BFBCE5 /* UITextView+StreamKit.h */ = {isa = PBXFileReference; fileEncoding = 4; lastKnownFileType = sourcecode.c.h; path = "UITextView+StreamKit.h"; sourceTree = "<group>"; };
		C91513F91E7679F800BFBCE5 /* UITextView+StreamKit.m */ = {isa = PBXFileReference; fileEncoding = 4; lastKnownFileType = sourcecode.c.objc; path = "UITextView+StreamKit.m"; sourceTree = "<group>"; };
		C91513FB1E7679F800BFBCE5 /* UIButton+StreamKit.h */ = {isa = PBXFileReference; fileEncoding = 4; lastKnownFileType = sourcecode.c.h; path = "UIButton+StreamKit.h"; sourceTree = "<group>"; };
		C91513FC1E7679F800BFBCE5 /* UIButton+StreamKit.m */ = {isa = PBXFileReference; fileEncoding = 4; lastKnownFileType = sourcecode.c.objc; path = "UIButton+StreamKit.m"; sourceTree = "<group>"; };
		C91513FD1E7679F800BFBCE5 /* UIControl+StreamKit.h */ = {isa = PBXFileReference; fileEncoding = 4; lastKnownFileType = sourcecode.c.h; path = "UIControl+StreamKit.h"; sourceTree = "<group>"; };
		C91513FE1E7679F800BFBCE5 /* UIControl+StreamKit.m */ = {isa = PBXFileReference; fileEncoding = 4; lastKnownFileType = sourcecode.c.objc; path = "UIControl+StreamKit.m"; sourceTree = "<group>"; };
		C91513FF1E7679F800BFBCE5 /* UIImageView+StreamKit.h */ = {isa = PBXFileReference; fileEncoding = 4; lastKnownFileType = sourcecode.c.h; path = "UIImageView+StreamKit.h"; sourceTree = "<group>"; };
		C91514001E7679F800BFBCE5 /* UIImageView+StreamKit.m */ = {isa = PBXFileReference; fileEncoding = 4; lastKnownFileType = sourcecode.c.objc; path = "UIImageView+StreamKit.m"; sourceTree = "<group>"; };
		C91514011E7679F800BFBCE5 /* UIInputView+StreamKit.h */ = {isa = PBXFileReference; fileEncoding = 4; lastKnownFileType = sourcecode.c.h; path = "UIInputView+StreamKit.h"; sourceTree = "<group>"; };
		C91514021E7679F800BFBCE5 /* UIInputView+StreamKit.m */ = {isa = PBXFileReference; fileEncoding = 4; lastKnownFileType = sourcecode.c.objc; path = "UIInputView+StreamKit.m"; sourceTree = "<group>"; };
		C91514031E7679F800BFBCE5 /* UILabel+StreamKit.h */ = {isa = PBXFileReference; fileEncoding = 4; lastKnownFileType = sourcecode.c.h; path = "UILabel+StreamKit.h"; sourceTree = "<group>"; };
		C91514041E7679F800BFBCE5 /* UILabel+StreamKit.m */ = {isa = PBXFileReference; fileEncoding = 4; lastKnownFileType = sourcecode.c.objc; path = "UILabel+StreamKit.m"; sourceTree = "<group>"; };
		C91514051E7679F800BFBCE5 /* UIProgressView+StreamKit.h */ = {isa = PBXFileReference; fileEncoding = 4; lastKnownFileType = sourcecode.c.h; path = "UIProgressView+StreamKit.h"; sourceTree = "<group>"; };
		C91514061E7679F800BFBCE5 /* UIProgressView+StreamKit.m */ = {isa = PBXFileReference; fileEncoding = 4; lastKnownFileType = sourcecode.c.objc; path = "UIProgressView+StreamKit.m"; sourceTree = "<group>"; };
		C91514071E7679F800BFBCE5 /* UISearchBar+StreamKit.h */ = {isa = PBXFileReference; fileEncoding = 4; lastKnownFileType = sourcecode.c.h; path = "UISearchBar+StreamKit.h"; sourceTree = "<group>"; };
		C91514081E7679F800BFBCE5 /* UISearchBar+StreamKit.m */ = {isa = PBXFileReference; fileEncoding = 4; lastKnownFileType = sourcecode.c.objc; path = "UISearchBar+StreamKit.m"; sourceTree = "<group>"; };
		C91514091E7679F800BFBCE5 /* UISwitch+StreamKit.h */ = {isa = PBXFileReference; fileEncoding = 4; lastKnownFileType = sourcecode.c.h; path = "UISwitch+StreamKit.h"; sourceTree = "<group>"; };
		C915140A1E7679F800BFBCE5 /* UISwitch+StreamKit.m */ = {isa = PBXFileReference; fileEncoding = 4; lastKnownFileType = sourcecode.c.objc; path = "UISwitch+StreamKit.m"; sourceTree = "<group>"; };
		C915140B1E7679F800BFBCE5 /* UITextField+StreamKit.h */ = {isa = PBXFileReference; fileEncoding = 4; lastKnownFileType = sourcecode.c.h; path = "UITextField+StreamKit.h"; sourceTree = "<group>"; };
		C915140C1E7679F800BFBCE5 /* UITextField+StreamKit.m */ = {isa = PBXFileReference; fileEncoding = 4; lastKnownFileType = sourcecode.c.objc; path = "UITextField+StreamKit.m"; sourceTree = "<group>"; };
		C915140D1E7679F800BFBCE5 /* UIView+StreamKit.h */ = {isa = PBXFileReference; fileEncoding = 4; lastKnownFileType = sourcecode.c.h; path = "UIView+StreamKit.h"; sourceTree = "<group>"; };
		C915140E1E7679F800BFBCE5 /* UIView+StreamKit.m */ = {isa = PBXFileReference; fileEncoding = 4; lastKnownFileType = sourcecode.c.objc; path = "UIView+StreamKit.m"; sourceTree = "<group>"; };
		C91514101E7679F800BFBCE5 /* UIImagePickerController+StreamKit.h */ = {isa = PBXFileReference; fileEncoding = 4; lastKnownFileType = sourcecode.c.h; path = "UIImagePickerController+StreamKit.h"; sourceTree = "<group>"; };
		C91514111E7679F800BFBCE5 /* UIImagePickerController+StreamKit.m */ = {isa = PBXFileReference; fileEncoding = 4; lastKnownFileType = sourcecode.c.objc; path = "UIImagePickerController+StreamKit.m"; sourceTree = "<group>"; };
		C91514121E7679F800BFBCE5 /* UIPageViewController+StreamKit.h */ = {isa = PBXFileReference; fileEncoding = 4; lastKnownFileType = sourcecode.c.h; path = "UIPageViewController+StreamKit.h"; sourceTree = "<group>"; };
		C91514131E7679F800BFBCE5 /* UIPageViewController+StreamKit.m */ = {isa = PBXFileReference; fileEncoding = 4; lastKnownFileType = sourcecode.c.objc; path = "UIPageViewController+StreamKit.m"; sourceTree = "<group>"; };
		C939E5891E97881900F23E0E /* UIGestureRecognizer+ReactiveX.h */ = {isa = PBXFileReference; fileEncoding = 4; lastKnownFileType = sourcecode.c.h; path = "UIGestureRecognizer+ReactiveX.h"; sourceTree = "<group>"; };
		C939E58A1E97881900F23E0E /* UIGestureRecognizer+ReactiveX.m */ = {isa = PBXFileReference; fileEncoding = 4; lastKnownFileType = sourcecode.c.objc; path = "UIGestureRecognizer+ReactiveX.m"; sourceTree = "<group>"; };
		C939E58C1E978C9A00F23E0E /* UIView+ReactiveX.h */ = {isa = PBXFileReference; fileEncoding = 4; lastKnownFileType = sourcecode.c.h; path = "UIView+ReactiveX.h"; sourceTree = "<group>"; };
		C939E58D1E978C9A00F23E0E /* UIView+ReactiveX.m */ = {isa = PBXFileReference; fileEncoding = 4; lastKnownFileType = sourcecode.c.objc; path = "UIView+ReactiveX.m"; sourceTree = "<group>"; };
		C94EF6431ECF655C0037D06E /* Test.h */ = {isa = PBXFileReference; fileEncoding = 4; lastKnownFileType = sourcecode.c.h; path = Test.h; sourceTree = "<group>"; };
		C94EF6441ECF655C0037D06E /* Test.m */ = {isa = PBXFileReference; fileEncoding = 4; lastKnownFileType = sourcecode.c.objc; path = Test.m; sourceTree = "<group>"; };
		C95273A41E8E5A8B0017B78F /* NSString+StreamKit.h */ = {isa = PBXFileReference; fileEncoding = 4; lastKnownFileType = sourcecode.c.h; path = "NSString+StreamKit.h"; sourceTree = "<group>"; };
		C95273A51E8E5A8B0017B78F /* NSString+StreamKit.m */ = {isa = PBXFileReference; fileEncoding = 4; lastKnownFileType = sourcecode.c.objc; path = "NSString+StreamKit.m"; sourceTree = "<group>"; };
		C95273A81E8E6A0B0017B78F /* SKSignal.h */ = {isa = PBXFileReference; fileEncoding = 4; lastKnownFileType = sourcecode.c.h; path = SKSignal.h; sourceTree = "<group>"; };
		C95273A91E8E6A0B0017B78F /* SKSignal.m */ = {isa = PBXFileReference; fileEncoding = 4; lastKnownFileType = sourcecode.c.objc; path = SKSignal.m; sourceTree = "<group>"; };
		C955498A1E8CE92B003C55AF /* SecondController.h */ = {isa = PBXFileReference; fileEncoding = 4; lastKnownFileType = sourcecode.c.h; path = SecondController.h; sourceTree = "<group>"; };
		C955498B1E8CE92B003C55AF /* SecondController.m */ = {isa = PBXFileReference; fileEncoding = 4; lastKnownFileType = sourcecode.c.objc; path = SecondController.m; sourceTree = "<group>"; };
		C981B1F51E8A40230057425D /* SKMetaMarco.h */ = {isa = PBXFileReference; fileEncoding = 4; lastKnownFileType = sourcecode.c.h; path = SKMetaMarco.h; sourceTree = "<group>"; };
		C981B1F61E8A43E70057425D /* SKKeyPathMarco.h */ = {isa = PBXFileReference; fileEncoding = 4; lastKnownFileType = sourcecode.c.h; path = SKKeyPathMarco.h; sourceTree = "<group>"; };
		C981B20E1E8A51820057425D /* SKObjectifyMarco.h */ = {isa = PBXFileReference; fileEncoding = 4; lastKnownFileType = sourcecode.c.h; path = SKObjectifyMarco.h; sourceTree = "<group>"; };
		C9A392F11ED1BB6B00EFA3B8 /* SKCommand.h */ = {isa = PBXFileReference; fileEncoding = 4; lastKnownFileType = sourcecode.c.h; path = SKCommand.h; sourceTree = "<group>"; };
		C9A392F21ED1BB6B00EFA3B8 /* SKCommand.m */ = {isa = PBXFileReference; fileEncoding = 4; lastKnownFileType = sourcecode.c.objc; path = SKCommand.m; sourceTree = "<group>"; };
		C9A392F41ED1E41A00EFA3B8 /* UIButton+SKCommand.h */ = {isa = PBXFileReference; fileEncoding = 4; lastKnownFileType = sourcecode.c.h; path = "UIButton+SKCommand.h"; sourceTree = "<group>"; };
		C9A392F51ED1E41A00EFA3B8 /* UIButton+SKCommand.m */ = {isa = PBXFileReference; fileEncoding = 4; lastKnownFileType = sourcecode.c.objc; path = "UIButton+SKCommand.m"; sourceTree = "<group>"; };
		C9A392F71ED1EE1C00EFA3B8 /* UIView+SKCommand.h */ = {isa = PBXFileReference; fileEncoding = 4; lastKnownFileType = sourcecode.c.h; path = "UIView+SKCommand.h"; sourceTree = "<group>"; };
		C9A392F81ED1EE1C00EFA3B8 /* UIView+SKCommand.m */ = {isa = PBXFileReference; fileEncoding = 4; lastKnownFileType = sourcecode.c.objc; path = "UIView+SKCommand.m"; sourceTree = "<group>"; };
		C9B62B711E06BE0400920035 /* StreamKitDemo.app */ = {isa = PBXFileReference; explicitFileType = wrapper.application; includeInIndex = 0; path = StreamKitDemo.app; sourceTree = BUILT_PRODUCTS_DIR; };
		C9B62B8A1E06BE0400920035 /* StreamKitDemoTests.xctest */ = {isa = PBXFileReference; explicitFileType = wrapper.cfbundle; includeInIndex = 0; path = StreamKitDemoTests.xctest; sourceTree = BUILT_PRODUCTS_DIR; };
		C9B62B8E1E06BE0400920035 /* StreamKitTests.m */ = {isa = PBXFileReference; lastKnownFileType = sourcecode.c.objc; path = StreamKitTests.m; sourceTree = "<group>"; };
		C9B62B901E06BE0400920035 /* Info.plist */ = {isa = PBXFileReference; lastKnownFileType = text.plist.xml; path = Info.plist; sourceTree = "<group>"; };
		C9B62B951E06BE0400920035 /* StreamKitDemoUITests.xctest */ = {isa = PBXFileReference; explicitFileType = wrapper.cfbundle; includeInIndex = 0; path = StreamKitDemoUITests.xctest; sourceTree = BUILT_PRODUCTS_DIR; };
		C9B62B991E06BE0400920035 /* StreamKitUITests.m */ = {isa = PBXFileReference; lastKnownFileType = sourcecode.c.objc; path = StreamKitUITests.m; sourceTree = "<group>"; };
		C9B62B9B1E06BE0400920035 /* Info.plist */ = {isa = PBXFileReference; lastKnownFileType = text.plist.xml; path = Info.plist; sourceTree = "<group>"; };
		C9B751241EC0C75B0034C413 /* NSArray+ReactiveX.h */ = {isa = PBXFileReference; fileEncoding = 4; lastKnownFileType = sourcecode.c.h; path = "NSArray+ReactiveX.h"; sourceTree = "<group>"; };
		C9B751251EC0C75B0034C413 /* NSArray+ReactiveX.m */ = {isa = PBXFileReference; fileEncoding = 4; lastKnownFileType = sourcecode.c.objc; path = "NSArray+ReactiveX.m"; sourceTree = "<group>"; };
		C9B751271EC0C8080034C413 /* NSDictionary+ReactiveX.h */ = {isa = PBXFileReference; fileEncoding = 4; lastKnownFileType = sourcecode.c.h; path = "NSDictionary+ReactiveX.h"; sourceTree = "<group>"; };
		C9B751281EC0C8080034C413 /* NSDictionary+ReactiveX.m */ = {isa = PBXFileReference; fileEncoding = 4; lastKnownFileType = sourcecode.c.objc; path = "NSDictionary+ReactiveX.m"; sourceTree = "<group>"; };
		C9D6C6CB1E9CB83D00CD8E8F /* UIScrollView+ReactiveX.h */ = {isa = PBXFileReference; fileEncoding = 4; lastKnownFileType = sourcecode.c.h; path = "UIScrollView+ReactiveX.h"; sourceTree = "<group>"; };
		C9D6C6CC1E9CB83D00CD8E8F /* UIScrollView+ReactiveX.m */ = {isa = PBXFileReference; fileEncoding = 4; lastKnownFileType = sourcecode.c.objc; path = "UIScrollView+ReactiveX.m"; sourceTree = "<group>"; };
		C9DCC3E51E97441C006E9B82 /* UITextField+ReactiveX.h */ = {isa = PBXFileReference; fileEncoding = 4; lastKnownFileType = sourcecode.c.h; path = "UITextField+ReactiveX.h"; sourceTree = "<group>"; };
		C9DCC3E61E97441C006E9B82 /* UITextField+ReactiveX.m */ = {isa = PBXFileReference; fileEncoding = 4; lastKnownFileType = sourcecode.c.objc; path = "UITextField+ReactiveX.m"; sourceTree = "<group>"; };
		C9DCC3E81E9747CC006E9B82 /* UITextView+ReactiveX.h */ = {isa = PBXFileReference; fileEncoding = 4; lastKnownFileType = sourcecode.c.h; path = "UITextView+ReactiveX.h"; sourceTree = "<group>"; };
		C9DCC3E91E9747CC006E9B82 /* UITextView+ReactiveX.m */ = {isa = PBXFileReference; fileEncoding = 4; lastKnownFileType = sourcecode.c.objc; path = "UITextView+ReactiveX.m"; sourceTree = "<group>"; };
		C9DCC3EB1E975A18006E9B82 /* StreamObserver.h */ = {isa = PBXFileReference; fileEncoding = 4; lastKnownFileType = sourcecode.c.h; path = StreamObserver.h; sourceTree = "<group>"; };
		C9DCC3EC1E975A18006E9B82 /* StreamObserver.m */ = {isa = PBXFileReference; fileEncoding = 4; lastKnownFileType = sourcecode.c.objc; path = StreamObserver.m; sourceTree = "<group>"; };
		C9EB62A41E973A8000B08FCE /* NSObject+ReactiveX.h */ = {isa = PBXFileReference; fileEncoding = 4; lastKnownFileType = sourcecode.c.h; path = "NSObject+ReactiveX.h"; sourceTree = "<group>"; };
		C9EB62A51E973A8000B08FCE /* NSObject+ReactiveX.m */ = {isa = PBXFileReference; fileEncoding = 4; lastKnownFileType = sourcecode.c.objc; path = "NSObject+ReactiveX.m"; sourceTree = "<group>"; };
		C9F3E0E31E94E440000661E0 /* UIControl+ReactiveX.h */ = {isa = PBXFileReference; fileEncoding = 4; lastKnownFileType = sourcecode.c.h; path = "UIControl+ReactiveX.h"; sourceTree = "<group>"; };
		C9F3E0E41E94E440000661E0 /* UIControl+ReactiveX.m */ = {isa = PBXFileReference; fileEncoding = 4; lastKnownFileType = sourcecode.c.objc; path = "UIControl+ReactiveX.m"; sourceTree = "<group>"; };
		C9F3E0E91E94E9CA000661E0 /* SKSubscriber.h */ = {isa = PBXFileReference; fileEncoding = 4; lastKnownFileType = sourcecode.c.h; path = SKSubscriber.h; sourceTree = "<group>"; };
		C9F3E0EC1E94EACA000661E0 /* SKSubscriber.m */ = {isa = PBXFileReference; fileEncoding = 4; lastKnownFileType = sourcecode.c.objc; path = SKSubscriber.m; sourceTree = "<group>"; };
		E4DCE42D9F4B44C44D1CA9FA /* Pods-StreamKitDemo.debug.xcconfig */ = {isa = PBXFileReference; includeInIndex = 1; lastKnownFileType = text.xcconfig; name = "Pods-StreamKitDemo.debug.xcconfig"; path = "Pods/Target Support Files/Pods-StreamKitDemo/Pods-StreamKitDemo.debug.xcconfig"; sourceTree = "<group>"; };
/* End PBXFileReference section */

/* Begin PBXFrameworksBuildPhase section */
		C9B62B6E1E06BE0300920035 /* Frameworks */ = {
			isa = PBXFrameworksBuildPhase;
			buildActionMask = 2147483647;
			files = (
				C3E73CBF94C220E3528C6998 /* libPods-StreamKitDemo.a in Frameworks */,
			);
			runOnlyForDeploymentPostprocessing = 0;
		};
		C9B62B871E06BE0400920035 /* Frameworks */ = {
			isa = PBXFrameworksBuildPhase;
			buildActionMask = 2147483647;
			files = (
			);
			runOnlyForDeploymentPostprocessing = 0;
		};
		C9B62B921E06BE0400920035 /* Frameworks */ = {
			isa = PBXFrameworksBuildPhase;
			buildActionMask = 2147483647;
			files = (
			);
			runOnlyForDeploymentPostprocessing = 0;
		};
/* End PBXFrameworksBuildPhase section */

/* Begin PBXGroup section */
		3097E2B1035C87ADA76EC6DB /* Frameworks */ = {
			isa = PBXGroup;
			children = (
				27B378167200FBC5A990C676 /* libPods-StreamKitDemo.a */,
			);
			name = Frameworks;
			sourceTree = "<group>";
		};
		51F0355C639EC1C8EC1CC9E8 /* Pods */ = {
			isa = PBXGroup;
			children = (
				E4DCE42D9F4B44C44D1CA9FA /* Pods-StreamKitDemo.debug.xcconfig */,
				C2B74F3A9131EAA4C24F954E /* Pods-StreamKitDemo.release.xcconfig */,
			);
			name = Pods;
			sourceTree = "<group>";
		};
		7416AA6A1E121B0C00A970A3 /* StreamKitDemo */ = {
			isa = PBXGroup;
			children = (
				7416AA6B1E121B0C00A970A3 /* AppDelegate.h */,
				7416AA6C1E121B0C00A970A3 /* AppDelegate.m */,
				7416AA6D1E121B0C00A970A3 /* Assets.xcassets */,
				7416AA6E1E121B0C00A970A3 /* LaunchScreen.storyboard */,
				7416AA701E121B0C00A970A3 /* Main.storyboard */,
				7416AA721E121B0C00A970A3 /* Info.plist */,
				7416AA731E121B0C00A970A3 /* main.m */,
				7416AAAA1E121B0C00A970A3 /* ViewController.h */,
				7416AAAB1E121B0C00A970A3 /* ViewController.m */,
				C955498A1E8CE92B003C55AF /* SecondController.h */,
				C955498B1E8CE92B003C55AF /* SecondController.m */,
				C94EF6431ECF655C0037D06E /* Test.h */,
				C94EF6441ECF655C0037D06E /* Test.m */,
			);
			path = StreamKitDemo;
			sourceTree = "<group>";
		};
		C91513D91E7679F800BFBCE5 /* StreamKit */ = {
			isa = PBXGroup;
			children = (
				C91513E11E7679F800BFBCE5 /* StreamKit.h */,
				C95273A71E8E69210017B78F /* Reactive */,
				C981B1F41E8A40030057425D /* Marco */,
				C91513DA1E7679F800BFBCE5 /* NSObject */,
				C91513E21E7679F800BFBCE5 /* UIGestureRecognizer */,
				C91513F11E7679F800BFBCE5 /* UIScrollView */,
				C91513FA1E7679F800BFBCE5 /* UIView */,
				C915140F1E7679F800BFBCE5 /* UIViewController */,
			);
			path = StreamKit;
			sourceTree = "<group>";
		};
		C91513DA1E7679F800BFBCE5 /* NSObject */ = {
			isa = PBXGroup;
			children = (
				C91513DB1E7679F800BFBCE5 /* NSNotificationCenter+StreamKit.h */,
				C91513DC1E7679F800BFBCE5 /* NSNotificationCenter+StreamKit.m */,
				C91513DD1E7679F800BFBCE5 /* NSObject+StreamKit.h */,
				C91513DE1E7679F800BFBCE5 /* NSObject+StreamKit.m */,
				C91513DF1E7679F800BFBCE5 /* UIAlertAction+StreamKit.h */,
				C91513E01E7679F800BFBCE5 /* UIAlertAction+StreamKit.m */,
				C95273A41E8E5A8B0017B78F /* NSString+StreamKit.h */,
				C95273A51E8E5A8B0017B78F /* NSString+StreamKit.m */,
			);
			path = NSObject;
			sourceTree = "<group>";
		};
		C91513E21E7679F800BFBCE5 /* UIGestureRecognizer */ = {
			isa = PBXGroup;
			children = (
				C91513E31E7679F800BFBCE5 /* UIGestureRecognizer+StreamKit.h */,
				C91513E41E7679F800BFBCE5 /* UIGestureRecognizer+StreamKit.m */,
				C91513E51E7679F800BFBCE5 /* UILongPressGestureRecognizer+StreamKit.h */,
				C91513E61E7679F800BFBCE5 /* UILongPressGestureRecognizer+StreamKit.m */,
				C91513E71E7679F800BFBCE5 /* UIPanGestureRecognizer+StreamKit.h */,
				C91513E81E7679F800BFBCE5 /* UIPanGestureRecognizer+StreamKit.m */,
				C91513E91E7679F800BFBCE5 /* UIPinchGestureRecognizer+StreamKit.h */,
				C91513EA1E7679F800BFBCE5 /* UIPinchGestureRecognizer+StreamKit.m */,
				C91513EB1E7679F800BFBCE5 /* UIRotationGestureRecognizer+StreamKit.h */,
				C91513EC1E7679F800BFBCE5 /* UIRotationGestureRecognizer+StreamKit.m */,
				C91513ED1E7679F800BFBCE5 /* UISwipeGestureRecognizer+StreamKit.h */,
				C91513EE1E7679F800BFBCE5 /* UISwipeGestureRecognizer+StreamKit.m */,
				C91513EF1E7679F800BFBCE5 /* UITapGestureRecognizer+StreamKit.h */,
				C91513F01E7679F800BFBCE5 /* UITapGestureRecognizer+StreamKit.m */,
			);
			path = UIGestureRecognizer;
			sourceTree = "<group>";
		};
		C91513F11E7679F800BFBCE5 /* UIScrollView */ = {
			isa = PBXGroup;
			children = (
				C91513F21E7679F800BFBCE5 /* UICollectionView+StreamKit.h */,
				C91513F31E7679F800BFBCE5 /* UICollectionView+StreamKit.m */,
				C91513F41E7679F800BFBCE5 /* UIScrollView+StreamKit.h */,
				C91513F51E7679F800BFBCE5 /* UIScrollView+StreamKit.m */,
				C91513F61E7679F800BFBCE5 /* UITableView+StreamKit.h */,
				C91513F71E7679F800BFBCE5 /* UITableView+StreamKit.m */,
				C91513F81E7679F800BFBCE5 /* UITextView+StreamKit.h */,
				C91513F91E7679F800BFBCE5 /* UITextView+StreamKit.m */,
			);
			path = UIScrollView;
			sourceTree = "<group>";
		};
		C91513FA1E7679F800BFBCE5 /* UIView */ = {
			isa = PBXGroup;
			children = (
				C91513FB1E7679F800BFBCE5 /* UIButton+StreamKit.h */,
				C91513FC1E7679F800BFBCE5 /* UIButton+StreamKit.m */,
				C91513FD1E7679F800BFBCE5 /* UIControl+StreamKit.h */,
				C91513FE1E7679F800BFBCE5 /* UIControl+StreamKit.m */,
				C91513FF1E7679F800BFBCE5 /* UIImageView+StreamKit.h */,
				C91514001E7679F800BFBCE5 /* UIImageView+StreamKit.m */,
				C91514011E7679F800BFBCE5 /* UIInputView+StreamKit.h */,
				C91514021E7679F800BFBCE5 /* UIInputView+StreamKit.m */,
				C91514031E7679F800BFBCE5 /* UILabel+StreamKit.h */,
				C91514041E7679F800BFBCE5 /* UILabel+StreamKit.m */,
				C91514051E7679F800BFBCE5 /* UIProgressView+StreamKit.h */,
				C91514061E7679F800BFBCE5 /* UIProgressView+StreamKit.m */,
				C91514071E7679F800BFBCE5 /* UISearchBar+StreamKit.h */,
				C91514081E7679F800BFBCE5 /* UISearchBar+StreamKit.m */,
				C91514091E7679F800BFBCE5 /* UISwitch+StreamKit.h */,
				C915140A1E7679F800BFBCE5 /* UISwitch+StreamKit.m */,
				C915140B1E7679F800BFBCE5 /* UITextField+StreamKit.h */,
				C915140C1E7679F800BFBCE5 /* UITextField+StreamKit.m */,
				C915140D1E7679F800BFBCE5 /* UIView+StreamKit.h */,
				C915140E1E7679F800BFBCE5 /* UIView+StreamKit.m */,
			);
			path = UIView;
			sourceTree = "<group>";
		};
		C915140F1E7679F800BFBCE5 /* UIViewController */ = {
			isa = PBXGroup;
			children = (
				C91514101E7679F800BFBCE5 /* UIImagePickerController+StreamKit.h */,
				C91514111E7679F800BFBCE5 /* UIImagePickerController+StreamKit.m */,
				C91514121E7679F800BFBCE5 /* UIPageViewController+StreamKit.h */,
				C91514131E7679F800BFBCE5 /* UIPageViewController+StreamKit.m */,
			);
			path = UIViewController;
			sourceTree = "<group>";
		};
		C95273A71E8E69210017B78F /* Reactive */ = {
			isa = PBXGroup;
			children = (
				C95273A81E8E6A0B0017B78F /* SKSignal.h */,
				C95273A91E8E6A0B0017B78F /* SKSignal.m */,
				C9F3E0E91E94E9CA000661E0 /* SKSubscriber.h */,
				C9F3E0EC1E94EACA000661E0 /* SKSubscriber.m */,
				C9EB62A41E973A8000B08FCE /* NSObject+ReactiveX.h */,
				C9EB62A51E973A8000B08FCE /* NSObject+ReactiveX.m */,
				C9F3E0E31E94E440000661E0 /* UIControl+ReactiveX.h */,
				C9F3E0E41E94E440000661E0 /* UIControl+ReactiveX.m */,
				C9DCC3EB1E975A18006E9B82 /* StreamObserver.h */,
				C9DCC3EC1E975A18006E9B82 /* StreamObserver.m */,
				C9B751241EC0C75B0034C413 /* NSArray+ReactiveX.h */,
				C9B751251EC0C75B0034C413 /* NSArray+ReactiveX.m */,
				C9B751271EC0C8080034C413 /* NSDictionary+ReactiveX.h */,
				C9B751281EC0C8080034C413 /* NSDictionary+ReactiveX.m */,
				C939E5891E97881900F23E0E /* UIGestureRecognizer+ReactiveX.h */,
				C939E58A1E97881900F23E0E /* UIGestureRecognizer+ReactiveX.m */,
				C939E58C1E978C9A00F23E0E /* UIView+ReactiveX.h */,
				C939E58D1E978C9A00F23E0E /* UIView+ReactiveX.m */,
				C9DCC3E51E97441C006E9B82 /* UITextField+ReactiveX.h */,
				C9DCC3E61E97441C006E9B82 /* UITextField+ReactiveX.m */,
				C9DCC3E81E9747CC006E9B82 /* UITextView+ReactiveX.h */,
				C9DCC3E91E9747CC006E9B82 /* UITextView+ReactiveX.m */,
				C9D6C6CB1E9CB83D00CD8E8F /* UIScrollView+ReactiveX.h */,
				C9D6C6CC1E9CB83D00CD8E8F /* UIScrollView+ReactiveX.m */,
				880BA6921EA49EDA0089B71F /* UISearchBar+ReactiveX.h */,
				880BA6931EA49EDA0089B71F /* UISearchBar+ReactiveX.m */,
				C9A392F11ED1BB6B00EFA3B8 /* SKCommand.h */,
				C9A392F21ED1BB6B00EFA3B8 /* SKCommand.m */,
				C9A392F41ED1E41A00EFA3B8 /* UIButton+SKCommand.h */,
				C9A392F51ED1E41A00EFA3B8 /* UIButton+SKCommand.m */,
				C9A392F71ED1EE1C00EFA3B8 /* UIView+SKCommand.h */,
				C9A392F81ED1EE1C00EFA3B8 /* UIView+SKCommand.m */,
			);
			path = Reactive;
			sourceTree = "<group>";
		};
		C981B1F41E8A40030057425D /* Marco */ = {
			isa = PBXGroup;
			children = (
				C981B1F51E8A40230057425D /* SKMetaMarco.h */,
				C981B1F61E8A43E70057425D /* SKKeyPathMarco.h */,
				C981B20E1E8A51820057425D /* SKObjectifyMarco.h */,
			);
			path = Marco;
			sourceTree = "<group>";
		};
		C9B62B681E06BE0300920035 = {
			isa = PBXGroup;
			children = (
				C91513D91E7679F800BFBCE5 /* StreamKit */,
				7416AA6A1E121B0C00A970A3 /* StreamKitDemo */,
				C9B62B8D1E06BE0400920035 /* StreamKitTests */,
				C9B62B981E06BE0400920035 /* StreamKitUITests */,
				C9B62B721E06BE0400920035 /* Products */,
				51F0355C639EC1C8EC1CC9E8 /* Pods */,
				3097E2B1035C87ADA76EC6DB /* Frameworks */,
			);
			sourceTree = "<group>";
		};
		C9B62B721E06BE0400920035 /* Products */ = {
			isa = PBXGroup;
			children = (
				C9B62B711E06BE0400920035 /* StreamKitDemo.app */,
				C9B62B8A1E06BE0400920035 /* StreamKitDemoTests.xctest */,
				C9B62B951E06BE0400920035 /* StreamKitDemoUITests.xctest */,
			);
			name = Products;
			sourceTree = "<group>";
		};
		C9B62B8D1E06BE0400920035 /* StreamKitTests */ = {
			isa = PBXGroup;
			children = (
				C9B62B8E1E06BE0400920035 /* StreamKitTests.m */,
				C9B62B901E06BE0400920035 /* Info.plist */,
			);
			path = StreamKitTests;
			sourceTree = "<group>";
		};
		C9B62B981E06BE0400920035 /* StreamKitUITests */ = {
			isa = PBXGroup;
			children = (
				C9B62B991E06BE0400920035 /* StreamKitUITests.m */,
				C9B62B9B1E06BE0400920035 /* Info.plist */,
			);
			path = StreamKitUITests;
			sourceTree = "<group>";
		};
/* End PBXGroup section */

/* Begin PBXNativeTarget section */
		C9B62B701E06BE0300920035 /* StreamKitDemo */ = {
			isa = PBXNativeTarget;
			buildConfigurationList = C9B62B9E1E06BE0400920035 /* Build configuration list for PBXNativeTarget "StreamKitDemo" */;
			buildPhases = (
				04AF63A76A98FF5964B18C11 /* [CP] Check Pods Manifest.lock */,
				C9B62B6D1E06BE0300920035 /* Sources */,
				C9B62B6E1E06BE0300920035 /* Frameworks */,
				C9B62B6F1E06BE0300920035 /* Resources */,
				EE84824CC4D0F908ABD04974 /* [CP] Embed Pods Frameworks */,
				23090B3A8F8541C615C70424 /* [CP] Copy Pods Resources */,
			);
			buildRules = (
			);
			dependencies = (
			);
			name = StreamKitDemo;
			productName = StreamKit;
			productReference = C9B62B711E06BE0400920035 /* StreamKitDemo.app */;
			productType = "com.apple.product-type.application";
		};
		C9B62B891E06BE0400920035 /* StreamKitDemoTests */ = {
			isa = PBXNativeTarget;
			buildConfigurationList = C9B62BA11E06BE0400920035 /* Build configuration list for PBXNativeTarget "StreamKitDemoTests" */;
			buildPhases = (
				C9B62B861E06BE0400920035 /* Sources */,
				C9B62B871E06BE0400920035 /* Frameworks */,
				C9B62B881E06BE0400920035 /* Resources */,
			);
			buildRules = (
			);
			dependencies = (
				C9B62B8C1E06BE0400920035 /* PBXTargetDependency */,
			);
			name = StreamKitDemoTests;
			productName = StreamKitTests;
			productReference = C9B62B8A1E06BE0400920035 /* StreamKitDemoTests.xctest */;
			productType = "com.apple.product-type.bundle.unit-test";
		};
		C9B62B941E06BE0400920035 /* StreamKitDemoUITests */ = {
			isa = PBXNativeTarget;
			buildConfigurationList = C9B62BA41E06BE0400920035 /* Build configuration list for PBXNativeTarget "StreamKitDemoUITests" */;
			buildPhases = (
				C9B62B911E06BE0400920035 /* Sources */,
				C9B62B921E06BE0400920035 /* Frameworks */,
				C9B62B931E06BE0400920035 /* Resources */,
			);
			buildRules = (
			);
			dependencies = (
				C9B62B971E06BE0400920035 /* PBXTargetDependency */,
			);
			name = StreamKitDemoUITests;
			productName = StreamKitUITests;
			productReference = C9B62B951E06BE0400920035 /* StreamKitDemoUITests.xctest */;
			productType = "com.apple.product-type.bundle.ui-testing";
		};
/* End PBXNativeTarget section */

/* Begin PBXProject section */
		C9B62B691E06BE0300920035 /* Project object */ = {
			isa = PBXProject;
			attributes = {
				LastUpgradeCheck = 0820;
				ORGANIZATIONNAME = "李浩";
				TargetAttributes = {
					C9B62B701E06BE0300920035 = {
						CreatedOnToolsVersion = 8.0;
						DevelopmentTeam = DHF573YC2L;
						ProvisioningStyle = Automatic;
					};
					C9B62B891E06BE0400920035 = {
						CreatedOnToolsVersion = 8.0;
						ProvisioningStyle = Automatic;
						TestTargetID = C9B62B701E06BE0300920035;
					};
					C9B62B941E06BE0400920035 = {
						CreatedOnToolsVersion = 8.0;
						ProvisioningStyle = Automatic;
						TestTargetID = C9B62B701E06BE0300920035;
					};
				};
			};
			buildConfigurationList = C9B62B6C1E06BE0300920035 /* Build configuration list for PBXProject "StreamKitDemo" */;
			compatibilityVersion = "Xcode 3.2";
			developmentRegion = English;
			hasScannedForEncodings = 0;
			knownRegions = (
				en,
				Base,
			);
			mainGroup = C9B62B681E06BE0300920035;
			productRefGroup = C9B62B721E06BE0400920035 /* Products */;
			projectDirPath = "";
			projectRoot = "";
			targets = (
				C9B62B701E06BE0300920035 /* StreamKitDemo */,
				C9B62B891E06BE0400920035 /* StreamKitDemoTests */,
				C9B62B941E06BE0400920035 /* StreamKitDemoUITests */,
			);
		};
/* End PBXProject section */

/* Begin PBXResourcesBuildPhase section */
		C9B62B6F1E06BE0300920035 /* Resources */ = {
			isa = PBXResourcesBuildPhase;
			buildActionMask = 2147483647;
			files = (
				7416AAAF1E121B0C00A970A3 /* Main.storyboard in Resources */,
				7416AAAD1E121B0C00A970A3 /* Assets.xcassets in Resources */,
				7416AAAE1E121B0C00A970A3 /* LaunchScreen.storyboard in Resources */,
			);
			runOnlyForDeploymentPostprocessing = 0;
		};
		C9B62B881E06BE0400920035 /* Resources */ = {
			isa = PBXResourcesBuildPhase;
			buildActionMask = 2147483647;
			files = (
			);
			runOnlyForDeploymentPostprocessing = 0;
		};
		C9B62B931E06BE0400920035 /* Resources */ = {
			isa = PBXResourcesBuildPhase;
			buildActionMask = 2147483647;
			files = (
			);
			runOnlyForDeploymentPostprocessing = 0;
		};
/* End PBXResourcesBuildPhase section */

/* Begin PBXShellScriptBuildPhase section */
		04AF63A76A98FF5964B18C11 /* [CP] Check Pods Manifest.lock */ = {
			isa = PBXShellScriptBuildPhase;
			buildActionMask = 2147483647;
			files = (
			);
			inputPaths = (
			);
			name = "[CP] Check Pods Manifest.lock";
			outputPaths = (
			);
			runOnlyForDeploymentPostprocessing = 0;
			shellPath = /bin/sh;
			shellScript = "diff \"${PODS_ROOT}/../Podfile.lock\" \"${PODS_ROOT}/Manifest.lock\" > /dev/null\nif [ $? != 0 ] ; then\n    # print error to STDERR\n    echo \"error: The sandbox is not in sync with the Podfile.lock. Run 'pod install' or update your CocoaPods installation.\" >&2\n    exit 1\nfi\n";
			showEnvVarsInLog = 0;
		};
		23090B3A8F8541C615C70424 /* [CP] Copy Pods Resources */ = {
			isa = PBXShellScriptBuildPhase;
			buildActionMask = 2147483647;
			files = (
			);
			inputPaths = (
			);
			name = "[CP] Copy Pods Resources";
			outputPaths = (
			);
			runOnlyForDeploymentPostprocessing = 0;
			shellPath = /bin/sh;
			shellScript = "\"${SRCROOT}/Pods/Target Support Files/Pods-StreamKitDemo/Pods-StreamKitDemo-resources.sh\"\n";
			showEnvVarsInLog = 0;
		};
		EE84824CC4D0F908ABD04974 /* [CP] Embed Pods Frameworks */ = {
			isa = PBXShellScriptBuildPhase;
			buildActionMask = 2147483647;
			files = (
			);
			inputPaths = (
			);
			name = "[CP] Embed Pods Frameworks";
			outputPaths = (
			);
			runOnlyForDeploymentPostprocessing = 0;
			shellPath = /bin/sh;
			shellScript = "\"${SRCROOT}/Pods/Target Support Files/Pods-StreamKitDemo/Pods-StreamKitDemo-frameworks.sh\"\n";
			showEnvVarsInLog = 0;
		};
/* End PBXShellScriptBuildPhase section */

/* Begin PBXSourcesBuildPhase section */
		C9B62B6D1E06BE0300920035 /* Sources */ = {
			isa = PBXSourcesBuildPhase;
			buildActionMask = 2147483647;
			files = (
				C91514251E7679F800BFBCE5 /* UIInputView+StreamKit.m in Sources */,
				C915142D1E7679F800BFBCE5 /* UIPageViewController+StreamKit.m in Sources */,
				C91514271E7679F800BFBCE5 /* UIProgressView+StreamKit.m in Sources */,
				7416AACC1E121B0C00A970A3 /* ViewController.m in Sources */,
				C939E58E1E978C9A00F23E0E /* UIView+ReactiveX.m in Sources */,
				C91514171E7679F800BFBCE5 /* UIGestureRecognizer+StreamKit.m in Sources */,
				C91514201E7679F800BFBCE5 /* UITableView+StreamKit.m in Sources */,
				C95273A61E8E5A8B0017B78F /* NSString+StreamKit.m in Sources */,
				C9DCC3ED1E975A18006E9B82 /* StreamObserver.m in Sources */,
				C91514161E7679F800BFBCE5 /* UIAlertAction+StreamKit.m in Sources */,
				C915141C1E7679F800BFBCE5 /* UISwipeGestureRecognizer+StreamKit.m in Sources */,
				C91514211E7679F800BFBCE5 /* UITextView+StreamKit.m in Sources */,
				C9A392F61ED1E41A00EFA3B8 /* UIButton+SKCommand.m in Sources */,
				7416AAB11E121B0C00A970A3 /* main.m in Sources */,
				C95273AA1E8E6A0B0017B78F /* SKSignal.m in Sources */,
				C915142B1E7679F800BFBCE5 /* UIView+StreamKit.m in Sources */,
				C9EB62A61E973A8000B08FCE /* NSObject+ReactiveX.m in Sources */,
				C915141E1E7679F800BFBCE5 /* UICollectionView+StreamKit.m in Sources */,
				C91514261E7679F800BFBCE5 /* UILabel+StreamKit.m in Sources */,
				C91514181E7679F800BFBCE5 /* UILongPressGestureRecognizer+StreamKit.m in Sources */,
				C9B751261EC0C75B0034C413 /* NSArray+ReactiveX.m in Sources */,
				C915141B1E7679F800BFBCE5 /* UIRotationGestureRecognizer+StreamKit.m in Sources */,
				C91514231E7679F800BFBCE5 /* UIControl+StreamKit.m in Sources */,
				C915141D1E7679F800BFBCE5 /* UITapGestureRecognizer+StreamKit.m in Sources */,
				C915142C1E7679F800BFBCE5 /* UIImagePickerController+StreamKit.m in Sources */,
				C9DCC3EA1E9747CC006E9B82 /* UITextView+ReactiveX.m in Sources */,
				C91514191E7679F800BFBCE5 /* UIPanGestureRecognizer+StreamKit.m in Sources */,
				880BA6941EA49EDA0089B71F /* UISearchBar+ReactiveX.m in Sources */,
				C9DCC3E71E97441C006E9B82 /* UITextField+ReactiveX.m in Sources */,
				C91514221E7679F800BFBCE5 /* UIButton+StreamKit.m in Sources */,
				C9A392F91ED1EE1C00EFA3B8 /* UIView+SKCommand.m in Sources */,
				C91514291E7679F800BFBCE5 /* UISwitch+StreamKit.m in Sources */,
				C94EF6451ECF655C0037D06E /* Test.m in Sources */,
				C91514151E7679F800BFBCE5 /* NSObject+StreamKit.m in Sources */,
				C939E58B1E97881900F23E0E /* UIGestureRecognizer+ReactiveX.m in Sources */,
				C91514281E7679F800BFBCE5 /* UISearchBar+StreamKit.m in Sources */,
				C91514141E7679F800BFBCE5 /* NSNotificationCenter+StreamKit.m in Sources */,
				C9D6C6CD1E9CB83D00CD8E8F /* UIScrollView+ReactiveX.m in Sources */,
				7416AAAC1E121B0C00A970A3 /* AppDelegate.m in Sources */,
				C9B751291EC0C8080034C413 /* NSDictionary+ReactiveX.m in Sources */,
				C91514241E7679F800BFBCE5 /* UIImageView+StreamKit.m in Sources */,
				C955498C1E8CE92B003C55AF /* SecondController.m in Sources */,
				C915141A1E7679F800BFBCE5 /* UIPinchGestureRecognizer+StreamKit.m in Sources */,
				C915142A1E7679F800BFBCE5 /* UITextField+StreamKit.m in Sources */,
				C9F3E0E51E94E440000661E0 /* UIControl+ReactiveX.m in Sources */,
				C9A392F31ED1BB6B00EFA3B8 /* SKCommand.m in Sources */,
				C915141F1E7679F800BFBCE5 /* UIScrollView+StreamKit.m in Sources */,
				C9F3E0ED1E94EACA000661E0 /* SKSubscriber.m in Sources */,
			);
			runOnlyForDeploymentPostprocessing = 0;
		};
		C9B62B861E06BE0400920035 /* Sources */ = {
			isa = PBXSourcesBuildPhase;
			buildActionMask = 2147483647;
			files = (
				C9B62B8F1E06BE0400920035 /* StreamKitTests.m in Sources */,
			);
			runOnlyForDeploymentPostprocessing = 0;
		};
		C9B62B911E06BE0400920035 /* Sources */ = {
			isa = PBXSourcesBuildPhase;
			buildActionMask = 2147483647;
			files = (
				C9B62B9A1E06BE0400920035 /* StreamKitUITests.m in Sources */,
			);
			runOnlyForDeploymentPostprocessing = 0;
		};
/* End PBXSourcesBuildPhase section */

/* Begin PBXTargetDependency section */
		C9B62B8C1E06BE0400920035 /* PBXTargetDependency */ = {
			isa = PBXTargetDependency;
			target = C9B62B701E06BE0300920035 /* StreamKitDemo */;
			targetProxy = C9B62B8B1E06BE0400920035 /* PBXContainerItemProxy */;
		};
		C9B62B971E06BE0400920035 /* PBXTargetDependency */ = {
			isa = PBXTargetDependency;
			target = C9B62B701E06BE0300920035 /* StreamKitDemo */;
			targetProxy = C9B62B961E06BE0400920035 /* PBXContainerItemProxy */;
		};
/* End PBXTargetDependency section */

/* Begin PBXVariantGroup section */
		7416AA6E1E121B0C00A970A3 /* LaunchScreen.storyboard */ = {
			isa = PBXVariantGroup;
			children = (
				7416AA6F1E121B0C00A970A3 /* Base */,
			);
			name = LaunchScreen.storyboard;
			sourceTree = "<group>";
		};
		7416AA701E121B0C00A970A3 /* Main.storyboard */ = {
			isa = PBXVariantGroup;
			children = (
				7416AA711E121B0C00A970A3 /* Base */,
			);
			name = Main.storyboard;
			sourceTree = "<group>";
		};
/* End PBXVariantGroup section */

/* Begin XCBuildConfiguration section */
		C9B62B9C1E06BE0400920035 /* Debug */ = {
			isa = XCBuildConfiguration;
			buildSettings = {
				ALWAYS_SEARCH_USER_PATHS = NO;
				CLANG_ANALYZER_NONNULL = YES;
				CLANG_CXX_LANGUAGE_STANDARD = "gnu++0x";
				CLANG_CXX_LIBRARY = "libc++";
				CLANG_ENABLE_MODULES = YES;
				CLANG_ENABLE_OBJC_ARC = YES;
				CLANG_WARN_BOOL_CONVERSION = YES;
				CLANG_WARN_CONSTANT_CONVERSION = YES;
				CLANG_WARN_DIRECT_OBJC_ISA_USAGE = YES_ERROR;
				CLANG_WARN_DOCUMENTATION_COMMENTS = YES;
				CLANG_WARN_EMPTY_BODY = YES;
				CLANG_WARN_ENUM_CONVERSION = YES;
				CLANG_WARN_INFINITE_RECURSION = YES;
				CLANG_WARN_INT_CONVERSION = YES;
				CLANG_WARN_OBJC_ROOT_CLASS = YES_ERROR;
				CLANG_WARN_SUSPICIOUS_MOVE = YES;
				CLANG_WARN_SUSPICIOUS_MOVES = YES;
				CLANG_WARN_UNREACHABLE_CODE = YES;
				CLANG_WARN__DUPLICATE_METHOD_MATCH = YES;
				"CODE_SIGN_IDENTITY[sdk=iphoneos*]" = "iPhone Developer";
				COPY_PHASE_STRIP = NO;
				DEBUG_INFORMATION_FORMAT = dwarf;
				ENABLE_STRICT_OBJC_MSGSEND = YES;
				ENABLE_TESTABILITY = YES;
				GCC_C_LANGUAGE_STANDARD = gnu99;
				GCC_DYNAMIC_NO_PIC = NO;
				GCC_NO_COMMON_BLOCKS = YES;
				GCC_OPTIMIZATION_LEVEL = 0;
				GCC_PREPROCESSOR_DEFINITIONS = (
					"DEBUG=1",
					"$(inherited)",
				);
				GCC_WARN_64_TO_32_BIT_CONVERSION = YES;
				GCC_WARN_ABOUT_RETURN_TYPE = YES_ERROR;
				GCC_WARN_UNDECLARED_SELECTOR = YES;
				GCC_WARN_UNINITIALIZED_AUTOS = YES_AGGRESSIVE;
				GCC_WARN_UNUSED_FUNCTION = YES;
				GCC_WARN_UNUSED_VARIABLE = YES;
				IPHONEOS_DEPLOYMENT_TARGET = 10.0;
				MTL_ENABLE_DEBUG_INFO = YES;
				ONLY_ACTIVE_ARCH = YES;
				SDKROOT = iphoneos;
				TARGETED_DEVICE_FAMILY = "1,2";
			};
			name = Debug;
		};
		C9B62B9D1E06BE0400920035 /* Release */ = {
			isa = XCBuildConfiguration;
			buildSettings = {
				ALWAYS_SEARCH_USER_PATHS = NO;
				CLANG_ANALYZER_NONNULL = YES;
				CLANG_CXX_LANGUAGE_STANDARD = "gnu++0x";
				CLANG_CXX_LIBRARY = "libc++";
				CLANG_ENABLE_MODULES = YES;
				CLANG_ENABLE_OBJC_ARC = YES;
				CLANG_WARN_BOOL_CONVERSION = YES;
				CLANG_WARN_CONSTANT_CONVERSION = YES;
				CLANG_WARN_DIRECT_OBJC_ISA_USAGE = YES_ERROR;
				CLANG_WARN_DOCUMENTATION_COMMENTS = YES;
				CLANG_WARN_EMPTY_BODY = YES;
				CLANG_WARN_ENUM_CONVERSION = YES;
				CLANG_WARN_INFINITE_RECURSION = YES;
				CLANG_WARN_INT_CONVERSION = YES;
				CLANG_WARN_OBJC_ROOT_CLASS = YES_ERROR;
				CLANG_WARN_SUSPICIOUS_MOVE = YES;
				CLANG_WARN_SUSPICIOUS_MOVES = YES;
				CLANG_WARN_UNREACHABLE_CODE = YES;
				CLANG_WARN__DUPLICATE_METHOD_MATCH = YES;
				"CODE_SIGN_IDENTITY[sdk=iphoneos*]" = "iPhone Developer";
				COPY_PHASE_STRIP = NO;
				DEBUG_INFORMATION_FORMAT = "dwarf-with-dsym";
				ENABLE_NS_ASSERTIONS = NO;
				ENABLE_STRICT_OBJC_MSGSEND = YES;
				GCC_C_LANGUAGE_STANDARD = gnu99;
				GCC_NO_COMMON_BLOCKS = YES;
				GCC_WARN_64_TO_32_BIT_CONVERSION = YES;
				GCC_WARN_ABOUT_RETURN_TYPE = YES_ERROR;
				GCC_WARN_UNDECLARED_SELECTOR = YES;
				GCC_WARN_UNINITIALIZED_AUTOS = YES_AGGRESSIVE;
				GCC_WARN_UNUSED_FUNCTION = YES;
				GCC_WARN_UNUSED_VARIABLE = YES;
				IPHONEOS_DEPLOYMENT_TARGET = 10.0;
				MTL_ENABLE_DEBUG_INFO = NO;
				SDKROOT = iphoneos;
				TARGETED_DEVICE_FAMILY = "1,2";
				VALIDATE_PRODUCT = YES;
			};
			name = Release;
		};
		C9B62B9F1E06BE0400920035 /* Debug */ = {
			isa = XCBuildConfiguration;
			baseConfigurationReference = E4DCE42D9F4B44C44D1CA9FA /* Pods-StreamKitDemo.debug.xcconfig */;
			buildSettings = {
				ASSETCATALOG_COMPILER_APPICON_NAME = AppIcon;
				DEVELOPMENT_TEAM = DHF573YC2L;
				INFOPLIST_FILE = "$(SRCROOT)/StreamKitDemo/Info.plist";
				LD_RUNPATH_SEARCH_PATHS = "$(inherited) @executable_path/Frameworks";
				PRODUCT_BUNDLE_IDENTIFIER = LH.StreamKit;
				PRODUCT_NAME = "$(TARGET_NAME)";
			};
			name = Debug;
		};
		C9B62BA01E06BE0400920035 /* Release */ = {
			isa = XCBuildConfiguration;
			baseConfigurationReference = C2B74F3A9131EAA4C24F954E /* Pods-StreamKitDemo.release.xcconfig */;
			buildSettings = {
				ASSETCATALOG_COMPILER_APPICON_NAME = AppIcon;
				DEVELOPMENT_TEAM = DHF573YC2L;
				INFOPLIST_FILE = "$(SRCROOT)/StreamKitDemo/Info.plist";
				LD_RUNPATH_SEARCH_PATHS = "$(inherited) @executable_path/Frameworks";
				PRODUCT_BUNDLE_IDENTIFIER = LH.StreamKit;
				PRODUCT_NAME = "$(TARGET_NAME)";
			};
			name = Release;
		};
		C9B62BA21E06BE0400920035 /* Debug */ = {
			isa = XCBuildConfiguration;
			buildSettings = {
				BUNDLE_LOADER = "$(TEST_HOST)";
				INFOPLIST_FILE = StreamKitTests/Info.plist;
				LD_RUNPATH_SEARCH_PATHS = "$(inherited) @executable_path/Frameworks @loader_path/Frameworks";
				PRODUCT_BUNDLE_IDENTIFIER = LH.StreamKitTests;
				PRODUCT_NAME = "$(TARGET_NAME)";
				TEST_HOST = "$(BUILT_PRODUCTS_DIR)/StreamKitDemo.app/StreamKitDemo";
			};
			name = Debug;
		};
		C9B62BA31E06BE0400920035 /* Release */ = {
			isa = XCBuildConfiguration;
			buildSettings = {
				BUNDLE_LOADER = "$(TEST_HOST)";
				INFOPLIST_FILE = StreamKitTests/Info.plist;
				LD_RUNPATH_SEARCH_PATHS = "$(inherited) @executable_path/Frameworks @loader_path/Frameworks";
				PRODUCT_BUNDLE_IDENTIFIER = LH.StreamKitTests;
				PRODUCT_NAME = "$(TARGET_NAME)";
				TEST_HOST = "$(BUILT_PRODUCTS_DIR)/StreamKitDemo.app/StreamKitDemo";
			};
			name = Release;
		};
		C9B62BA51E06BE0400920035 /* Debug */ = {
			isa = XCBuildConfiguration;
			buildSettings = {
				INFOPLIST_FILE = StreamKitUITests/Info.plist;
				LD_RUNPATH_SEARCH_PATHS = "$(inherited) @executable_path/Frameworks @loader_path/Frameworks";
				PRODUCT_BUNDLE_IDENTIFIER = LH.StreamKitUITests;
				PRODUCT_NAME = "$(TARGET_NAME)";
				TEST_TARGET_NAME = StreamKit;
			};
			name = Debug;
		};
		C9B62BA61E06BE0400920035 /* Release */ = {
			isa = XCBuildConfiguration;
			buildSettings = {
				INFOPLIST_FILE = StreamKitUITests/Info.plist;
				LD_RUNPATH_SEARCH_PATHS = "$(inherited) @executable_path/Frameworks @loader_path/Frameworks";
				PRODUCT_BUNDLE_IDENTIFIER = LH.StreamKitUITests;
				PRODUCT_NAME = "$(TARGET_NAME)";
				TEST_TARGET_NAME = StreamKit;
			};
			name = Release;
		};
/* End XCBuildConfiguration section */

/* Begin XCConfigurationList section */
		C9B62B6C1E06BE0300920035 /* Build configuration list for PBXProject "StreamKitDemo" */ = {
			isa = XCConfigurationList;
			buildConfigurations = (
				C9B62B9C1E06BE0400920035 /* Debug */,
				C9B62B9D1E06BE0400920035 /* Release */,
			);
			defaultConfigurationIsVisible = 0;
			defaultConfigurationName = Release;
		};
		C9B62B9E1E06BE0400920035 /* Build configuration list for PBXNativeTarget "StreamKitDemo" */ = {
			isa = XCConfigurationList;
			buildConfigurations = (
				C9B62B9F1E06BE0400920035 /* Debug */,
				C9B62BA01E06BE0400920035 /* Release */,
			);
			defaultConfigurationIsVisible = 0;
			defaultConfigurationName = Release;
		};
		C9B62BA11E06BE0400920035 /* Build configuration list for PBXNativeTarget "StreamKitDemoTests" */ = {
			isa = XCConfigurationList;
			buildConfigurations = (
				C9B62BA21E06BE0400920035 /* Debug */,
				C9B62BA31E06BE0400920035 /* Release */,
			);
			defaultConfigurationIsVisible = 0;
			defaultConfigurationName = Release;
		};
		C9B62BA41E06BE0400920035 /* Build configuration list for PBXNativeTarget "StreamKitDemoUITests" */ = {
			isa = XCConfigurationList;
			buildConfigurations = (
				C9B62BA51E06BE0400920035 /* Debug */,
				C9B62BA61E06BE0400920035 /* Release */,
			);
			defaultConfigurationIsVisible = 0;
			defaultConfigurationName = Release;
		};
/* End XCConfigurationList section */
	};
	rootObject = C9B62B691E06BE0300920035 /* Project object */;
}
