// !$*UTF8*$!
{
	archiveVersion = 1;
	classes = {
	};
	objectVersion = 46;
	objects = {

/* Begin PBXBuildFile section */
		7416AAAC1E121B0C00A970A3 /* AppDelegate.m in Sources */ = {isa = PBXBuildFile; fileRef = 7416AA6C1E121B0C00A970A3 /* AppDelegate.m */; };
		7416AAAD1E121B0C00A970A3 /* Assets.xcassets in Resources */ = {isa = PBXBuildFile; fileRef = 7416AA6D1E121B0C00A970A3 /* Assets.xcassets */; };
		7416AAAE1E121B0C00A970A3 /* LaunchScreen.storyboard in Resources */ = {isa = PBXBuildFile; fileRef = 7416AA6E1E121B0C00A970A3 /* LaunchScreen.storyboard */; };
		7416AAAF1E121B0C00A970A3 /* Main.storyboard in Resources */ = {isa = PBXBuildFile; fileRef = 7416AA701E121B0C00A970A3 /* Main.storyboard */; };
		7416AAB11E121B0C00A970A3 /* main.m in Sources */ = {isa = PBXBuildFile; fileRef = 7416AA731E121B0C00A970A3 /* main.m */; };
		8857DB9D20D254AA00AF3B01 /* ViewController.m in Sources */ = {isa = PBXBuildFile; fileRef = 8857DB9C20D254AA00AF3B01 /* ViewController.m */; };
		8857DBA020D2601900AF3B01 /* SKSubscriptionScheduler.m in Sources */ = {isa = PBXBuildFile; fileRef = 8857DB9F20D2601900AF3B01 /* SKSubscriptionScheduler.m */; };
		8857DBA320D26B7D00AF3B01 /* SKDynamicSignal.m in Sources */ = {isa = PBXBuildFile; fileRef = 8857DBA220D26B7D00AF3B01 /* SKDynamicSignal.m */; };
		8857DBA620D26BA100AF3B01 /* SKSignal+Operations.m in Sources */ = {isa = PBXBuildFile; fileRef = 8857DBA520D26BA100AF3B01 /* SKSignal+Operations.m */; };
		8857DBA920D27A6400AF3B01 /* SKReturnSignal.m in Sources */ = {isa = PBXBuildFile; fileRef = 8857DBA820D27A6400AF3B01 /* SKReturnSignal.m */; };
		8857DBAC20D27D1600AF3B01 /* SKErrorSignal.m in Sources */ = {isa = PBXBuildFile; fileRef = 8857DBAB20D27D1600AF3B01 /* SKErrorSignal.m */; };
		8857DBAF20D27F3300AF3B01 /* SKEmptySignal.m in Sources */ = {isa = PBXBuildFile; fileRef = 8857DBAE20D27F3300AF3B01 /* SKEmptySignal.m */; };
		885A825A20DB5F92004875C1 /* SKReplaySubject.m in Sources */ = {isa = PBXBuildFile; fileRef = 885A825920DB5F92004875C1 /* SKReplaySubject.m */; };
		885BCB8520E25007003ED802 /* UIView+SKSignalSupport.m in Sources */ = {isa = PBXBuildFile; fileRef = 885BCB8420E25007003ED802 /* UIView+SKSignalSupport.m */; };
		88610DF720D8A273002DE2B7 /* SKPassthroughSubscriber.m in Sources */ = {isa = PBXBuildFile; fileRef = 88610DF620D8A273002DE2B7 /* SKPassthroughSubscriber.m */; };
		887CBB1620E638810081B522 /* SKDelegateProxy.m in Sources */ = {isa = PBXBuildFile; fileRef = 887CBB1520E638810081B522 /* SKDelegateProxy.m */; };
		C3E73CBF94C220E3528C6998 /* libPods-StreamKitDemo.a in Frameworks */ = {isa = PBXBuildFile; fileRef = 27B378167200FBC5A990C676 /* libPods-StreamKitDemo.a */; };
		C930A1E220CB886100E9789B /* SKDisposable.m in Sources */ = {isa = PBXBuildFile; fileRef = C930A1E120CB886100E9789B /* SKDisposable.m */; };
		C930A1E520CBB95C00E9789B /* SKCompoundDisposable.m in Sources */ = {isa = PBXBuildFile; fileRef = C930A1E420CBB95C00E9789B /* SKCompoundDisposable.m */; };
		C94CD4651F24AB760083E200 /* SKConcurrentQueueScheduler.m in Sources */ = {isa = PBXBuildFile; fileRef = C94CD45C1F24AB760083E200 /* SKConcurrentQueueScheduler.m */; };
		C94CD4661F24AB760083E200 /* SKMainQueueScheduler.m in Sources */ = {isa = PBXBuildFile; fileRef = C94CD45E1F24AB760083E200 /* SKMainQueueScheduler.m */; };
		C94CD4671F24AB760083E200 /* SKQueueScheduler.m in Sources */ = {isa = PBXBuildFile; fileRef = C94CD4601F24AB760083E200 /* SKQueueScheduler.m */; };
		C94CD4681F24AB760083E200 /* SKScheduler.m in Sources */ = {isa = PBXBuildFile; fileRef = C94CD4621F24AB760083E200 /* SKScheduler.m */; };
		C94CD4691F24AB760083E200 /* SKSerialQueueScheduler.m in Sources */ = {isa = PBXBuildFile; fileRef = C94CD4641F24AB760083E200 /* SKSerialQueueScheduler.m */; };
		C94EF6451ECF655C0037D06E /* Test.m in Sources */ = {isa = PBXBuildFile; fileRef = C94EF6441ECF655C0037D06E /* Test.m */; };
		C95273AA1E8E6A0B0017B78F /* SKSignal.m in Sources */ = {isa = PBXBuildFile; fileRef = C95273A91E8E6A0B0017B78F /* SKSignal.m */; };
		C955498C1E8CE92B003C55AF /* SecondController.m in Sources */ = {isa = PBXBuildFile; fileRef = C955498B1E8CE92B003C55AF /* SecondController.m */; };
		C9A392F31ED1BB6B00EFA3B8 /* SKCommand.m in Sources */ = {isa = PBXBuildFile; fileRef = C9A392F21ED1BB6B00EFA3B8 /* SKCommand.m */; };
		C9AC59501F06AADD006829CC /* SKSubject.m in Sources */ = {isa = PBXBuildFile; fileRef = C9AC594F1F06AADD006829CC /* SKSubject.m */; };
		C9B62B8F1E06BE0400920035 /* StreamKitTests.m in Sources */ = {isa = PBXBuildFile; fileRef = C9B62B8E1E06BE0400920035 /* StreamKitTests.m */; };
		C9B62B9A1E06BE0400920035 /* StreamKitUITests.m in Sources */ = {isa = PBXBuildFile; fileRef = C9B62B991E06BE0400920035 /* StreamKitUITests.m */; };
		C9C65F2B1F10039A0071450A /* NSNotificationCenter+SKSignalSupport.m in Sources */ = {isa = PBXBuildFile; fileRef = C9C65F2A1F10039A0071450A /* NSNotificationCenter+SKSignalSupport.m */; };
		C9DCC3ED1E975A18006E9B82 /* SKSubscribringObserverTrampoline.m in Sources */ = {isa = PBXBuildFile; fileRef = C9DCC3EC1E975A18006E9B82 /* SKSubscribringObserverTrampoline.m */; };
		C9F3E0ED1E94EACA000661E0 /* SKSubscriber.m in Sources */ = {isa = PBXBuildFile; fileRef = C9F3E0EC1E94EACA000661E0 /* SKSubscriber.m */; };
		C9FB33D820CEBA7D007E32A4 /* SKScopedDisposable.m in Sources */ = {isa = PBXBuildFile; fileRef = C9FB33D720CEBA7D007E32A4 /* SKScopedDisposable.m */; };
		C9FB33DB20D62CC2007E32A4 /* SKSerialDisposable.m in Sources */ = {isa = PBXBuildFile; fileRef = C9FB33DA20D62CC2007E32A4 /* SKSerialDisposable.m */; };
		C9FB33DE20D6C197007E32A4 /* SKValueNil.m in Sources */ = {isa = PBXBuildFile; fileRef = C9FB33DD20D6C197007E32A4 /* SKValueNil.m */; };
		C9FB33E720D762A2007E32A4 /* SKBlockTrampoline.m in Sources */ = {isa = PBXBuildFile; fileRef = C9FB33E620D762A2007E32A4 /* SKBlockTrampoline.m */; };
		C9FB33EA20DD33DE007E32A4 /* NSObject+SKDeallocating.m in Sources */ = {isa = PBXBuildFile; fileRef = C9FB33E920DD33DE007E32A4 /* NSObject+SKDeallocating.m */; };
		C9FB344120DF5A4E007E32A4 /* NSObject+SKObservering.m in Sources */ = {isa = PBXBuildFile; fileRef = C9FB344020DF5A4E007E32A4 /* NSObject+SKObservering.m */; };
		C9FB344420DF75C4007E32A4 /* NSObject+SKSelectorSignal.m in Sources */ = {isa = PBXBuildFile; fileRef = C9FB344320DF75C4007E32A4 /* NSObject+SKSelectorSignal.m */; };
		C9FB344720DFE548007E32A4 /* SKTextView.m in Sources */ = {isa = PBXBuildFile; fileRef = C9FB344620DFE548007E32A4 /* SKTextView.m */; };
		C9FB345C20DFE5C3007E32A4 /* UIControl+SKSignalSupport.m in Sources */ = {isa = PBXBuildFile; fileRef = C9FB345020DFE5C3007E32A4 /* UIControl+SKSignalSupport.m */; };
		C9FB346020DFE5C3007E32A4 /* UITextField+SKSignalSupport.m in Sources */ = {isa = PBXBuildFile; fileRef = C9FB345520DFE5C3007E32A4 /* UITextField+SKSignalSupport.m */; };
		C9FB346320DFE5C3007E32A4 /* UIGestureRecognizer+SKSignalSupport.m in Sources */ = {isa = PBXBuildFile; fileRef = C9FB345920DFE5C3007E32A4 /* UIGestureRecognizer+SKSignalSupport.m */; };
		C9FB346620E5198A007E32A4 /* UIButton+SKSignalSupport.m in Sources */ = {isa = PBXBuildFile; fileRef = C9FB346520E5198A007E32A4 /* UIButton+SKSignalSupport.m */; };
		C9FB346920E51DB0007E32A4 /* UITextView+SKSignalSupport.m in Sources */ = {isa = PBXBuildFile; fileRef = C9FB346820E51DB0007E32A4 /* UITextView+SKSignalSupport.m */; };
		C9FB346C20E728E9007E32A4 /* NSObject+SKDelegateProxy.m in Sources */ = {isa = PBXBuildFile; fileRef = C9FB346B20E728E9007E32A4 /* NSObject+SKDelegateProxy.m */; };
		C9FB346F20E7B60C007E32A4 /* NSInvocation+SKValues.m in Sources */ = {isa = PBXBuildFile; fileRef = C9FB346E20E7B60C007E32A4 /* NSInvocation+SKValues.m */; };
		C9FB347320E8C27F007E32A4 /* UITextView+SKDelegateProxy.m in Sources */ = {isa = PBXBuildFile; fileRef = C9FB347220E8C27F007E32A4 /* UITextView+SKDelegateProxy.m */; };
		C9FB347620E8C349007E32A4 /* UITextField+SKDelegateProxy.m in Sources */ = {isa = PBXBuildFile; fileRef = C9FB347520E8C349007E32A4 /* UITextField+SKDelegateProxy.m */; };
		C9FB347920E8C638007E32A4 /* UIScrollView+SKDelegateProxy.m in Sources */ = {isa = PBXBuildFile; fileRef = C9FB347820E8C638007E32A4 /* UIScrollView+SKDelegateProxy.m */; };
		C9FB347C20E8C68D007E32A4 /* UIImagePickerController+SKDelegateProxy.m in Sources */ = {isa = PBXBuildFile; fileRef = C9FB347B20E8C68D007E32A4 /* UIImagePickerController+SKDelegateProxy.m */; };
		C9FB347F20ED0AC2007E32A4 /* SKMulticastConnection.m in Sources */ = {isa = PBXBuildFile; fileRef = C9FB347E20ED0AC2007E32A4 /* SKMulticastConnection.m */; };
/* End PBXBuildFile section */

/* Begin PBXContainerItemProxy section */
		C9B62B8B1E06BE0400920035 /* PBXContainerItemProxy */ = {
			isa = PBXContainerItemProxy;
			containerPortal = C9B62B691E06BE0300920035 /* Project object */;
			proxyType = 1;
			remoteGlobalIDString = C9B62B701E06BE0300920035;
			remoteInfo = StreamKit;
		};
		C9B62B961E06BE0400920035 /* PBXContainerItemProxy */ = {
			isa = PBXContainerItemProxy;
			containerPortal = C9B62B691E06BE0300920035 /* Project object */;
			proxyType = 1;
			remoteGlobalIDString = C9B62B701E06BE0300920035;
			remoteInfo = StreamKit;
		};
/* End PBXContainerItemProxy section */

/* Begin PBXFileReference section */
		27B378167200FBC5A990C676 /* libPods-StreamKitDemo.a */ = {isa = PBXFileReference; explicitFileType = archive.ar; includeInIndex = 0; path = "libPods-StreamKitDemo.a"; sourceTree = BUILT_PRODUCTS_DIR; };
		7416AA6B1E121B0C00A970A3 /* AppDelegate.h */ = {isa = PBXFileReference; fileEncoding = 4; lastKnownFileType = sourcecode.c.h; path = AppDelegate.h; sourceTree = "<group>"; };
		7416AA6C1E121B0C00A970A3 /* AppDelegate.m */ = {isa = PBXFileReference; fileEncoding = 4; lastKnownFileType = sourcecode.c.objc; path = AppDelegate.m; sourceTree = "<group>"; };
		7416AA6D1E121B0C00A970A3 /* Assets.xcassets */ = {isa = PBXFileReference; lastKnownFileType = folder.assetcatalog; path = Assets.xcassets; sourceTree = "<group>"; };
		7416AA6F1E121B0C00A970A3 /* Base */ = {isa = PBXFileReference; lastKnownFileType = file.storyboard; name = Base; path = Base.lproj/LaunchScreen.storyboard; sourceTree = "<group>"; };
		7416AA711E121B0C00A970A3 /* Base */ = {isa = PBXFileReference; lastKnownFileType = file.storyboard; name = Base; path = Base.lproj/Main.storyboard; sourceTree = "<group>"; };
		7416AA721E121B0C00A970A3 /* Info.plist */ = {isa = PBXFileReference; fileEncoding = 4; lastKnownFileType = text.plist.xml; path = Info.plist; sourceTree = "<group>"; };
		7416AA731E121B0C00A970A3 /* main.m */ = {isa = PBXFileReference; fileEncoding = 4; lastKnownFileType = sourcecode.c.objc; path = main.m; sourceTree = "<group>"; };
		8857DB9B20D254AA00AF3B01 /* ViewController.h */ = {isa = PBXFileReference; lastKnownFileType = sourcecode.c.h; path = ViewController.h; sourceTree = "<group>"; };
		8857DB9C20D254AA00AF3B01 /* ViewController.m */ = {isa = PBXFileReference; lastKnownFileType = sourcecode.c.objc; path = ViewController.m; sourceTree = "<group>"; };
		8857DB9E20D2601900AF3B01 /* SKSubscriptionScheduler.h */ = {isa = PBXFileReference; lastKnownFileType = sourcecode.c.h; path = SKSubscriptionScheduler.h; sourceTree = "<group>"; };
		8857DB9F20D2601900AF3B01 /* SKSubscriptionScheduler.m */ = {isa = PBXFileReference; lastKnownFileType = sourcecode.c.objc; path = SKSubscriptionScheduler.m; sourceTree = "<group>"; };
		8857DBA120D26B7D00AF3B01 /* SKDynamicSignal.h */ = {isa = PBXFileReference; lastKnownFileType = sourcecode.c.h; path = SKDynamicSignal.h; sourceTree = "<group>"; };
		8857DBA220D26B7D00AF3B01 /* SKDynamicSignal.m */ = {isa = PBXFileReference; lastKnownFileType = sourcecode.c.objc; path = SKDynamicSignal.m; sourceTree = "<group>"; };
		8857DBA420D26BA100AF3B01 /* SKSignal+Operations.h */ = {isa = PBXFileReference; lastKnownFileType = sourcecode.c.h; path = "SKSignal+Operations.h"; sourceTree = "<group>"; };
		8857DBA520D26BA100AF3B01 /* SKSignal+Operations.m */ = {isa = PBXFileReference; lastKnownFileType = sourcecode.c.objc; path = "SKSignal+Operations.m"; sourceTree = "<group>"; };
		8857DBA720D27A6400AF3B01 /* SKReturnSignal.h */ = {isa = PBXFileReference; lastKnownFileType = sourcecode.c.h; path = SKReturnSignal.h; sourceTree = "<group>"; };
		8857DBA820D27A6400AF3B01 /* SKReturnSignal.m */ = {isa = PBXFileReference; lastKnownFileType = sourcecode.c.objc; path = SKReturnSignal.m; sourceTree = "<group>"; };
		8857DBAA20D27D1600AF3B01 /* SKErrorSignal.h */ = {isa = PBXFileReference; lastKnownFileType = sourcecode.c.h; path = SKErrorSignal.h; sourceTree = "<group>"; };
		8857DBAB20D27D1600AF3B01 /* SKErrorSignal.m */ = {isa = PBXFileReference; lastKnownFileType = sourcecode.c.objc; path = SKErrorSignal.m; sourceTree = "<group>"; };
		8857DBAD20D27F3300AF3B01 /* SKEmptySignal.h */ = {isa = PBXFileReference; lastKnownFileType = sourcecode.c.h; path = SKEmptySignal.h; sourceTree = "<group>"; };
		8857DBAE20D27F3300AF3B01 /* SKEmptySignal.m */ = {isa = PBXFileReference; lastKnownFileType = sourcecode.c.objc; path = SKEmptySignal.m; sourceTree = "<group>"; };
		885A825820DB5F92004875C1 /* SKReplaySubject.h */ = {isa = PBXFileReference; lastKnownFileType = sourcecode.c.h; path = SKReplaySubject.h; sourceTree = "<group>"; };
		885A825920DB5F92004875C1 /* SKReplaySubject.m */ = {isa = PBXFileReference; lastKnownFileType = sourcecode.c.objc; path = SKReplaySubject.m; sourceTree = "<group>"; };
		885BCB8320E25007003ED802 /* UIView+SKSignalSupport.h */ = {isa = PBXFileReference; lastKnownFileType = sourcecode.c.h; path = "UIView+SKSignalSupport.h"; sourceTree = "<group>"; };
		885BCB8420E25007003ED802 /* UIView+SKSignalSupport.m */ = {isa = PBXFileReference; lastKnownFileType = sourcecode.c.objc; path = "UIView+SKSignalSupport.m"; sourceTree = "<group>"; };
		88610DF520D8A273002DE2B7 /* SKPassthroughSubscriber.h */ = {isa = PBXFileReference; lastKnownFileType = sourcecode.c.h; path = SKPassthroughSubscriber.h; sourceTree = "<group>"; };
		88610DF620D8A273002DE2B7 /* SKPassthroughSubscriber.m */ = {isa = PBXFileReference; lastKnownFileType = sourcecode.c.objc; path = SKPassthroughSubscriber.m; sourceTree = "<group>"; };
		887CBB1420E638810081B522 /* SKDelegateProxy.h */ = {isa = PBXFileReference; lastKnownFileType = sourcecode.c.h; path = SKDelegateProxy.h; sourceTree = "<group>"; };
		887CBB1520E638810081B522 /* SKDelegateProxy.m */ = {isa = PBXFileReference; lastKnownFileType = sourcecode.c.objc; path = SKDelegateProxy.m; sourceTree = "<group>"; };
		C2B74F3A9131EAA4C24F954E /* Pods-StreamKitDemo.release.xcconfig */ = {isa = PBXFileReference; includeInIndex = 1; lastKnownFileType = text.xcconfig; name = "Pods-StreamKitDemo.release.xcconfig"; path = "Pods/Target Support Files/Pods-StreamKitDemo/Pods-StreamKitDemo.release.xcconfig"; sourceTree = "<group>"; };
		C91513E11E7679F800BFBCE5 /* StreamKit.h */ = {isa = PBXFileReference; fileEncoding = 4; lastKnownFileType = sourcecode.c.h; path = StreamKit.h; sourceTree = "<group>"; };
		C930A1E020CB886100E9789B /* SKDisposable.h */ = {isa = PBXFileReference; lastKnownFileType = sourcecode.c.h; path = SKDisposable.h; sourceTree = "<group>"; };
		C930A1E120CB886100E9789B /* SKDisposable.m */ = {isa = PBXFileReference; lastKnownFileType = sourcecode.c.objc; path = SKDisposable.m; sourceTree = "<group>"; };
		C930A1E320CBB95C00E9789B /* SKCompoundDisposable.h */ = {isa = PBXFileReference; lastKnownFileType = sourcecode.c.h; path = SKCompoundDisposable.h; sourceTree = "<group>"; };
		C930A1E420CBB95C00E9789B /* SKCompoundDisposable.m */ = {isa = PBXFileReference; lastKnownFileType = sourcecode.c.objc; path = SKCompoundDisposable.m; sourceTree = "<group>"; };
		C94CD45B1F24AB760083E200 /* SKConcurrentQueueScheduler.h */ = {isa = PBXFileReference; fileEncoding = 4; lastKnownFileType = sourcecode.c.h; path = SKConcurrentQueueScheduler.h; sourceTree = "<group>"; };
		C94CD45C1F24AB760083E200 /* SKConcurrentQueueScheduler.m */ = {isa = PBXFileReference; fileEncoding = 4; lastKnownFileType = sourcecode.c.objc; path = SKConcurrentQueueScheduler.m; sourceTree = "<group>"; };
		C94CD45D1F24AB760083E200 /* SKMainQueueScheduler.h */ = {isa = PBXFileReference; fileEncoding = 4; lastKnownFileType = sourcecode.c.h; path = SKMainQueueScheduler.h; sourceTree = "<group>"; };
		C94CD45E1F24AB760083E200 /* SKMainQueueScheduler.m */ = {isa = PBXFileReference; fileEncoding = 4; lastKnownFileType = sourcecode.c.objc; path = SKMainQueueScheduler.m; sourceTree = "<group>"; };
		C94CD45F1F24AB760083E200 /* SKQueueScheduler.h */ = {isa = PBXFileReference; fileEncoding = 4; lastKnownFileType = sourcecode.c.h; path = SKQueueScheduler.h; sourceTree = "<group>"; };
		C94CD4601F24AB760083E200 /* SKQueueScheduler.m */ = {isa = PBXFileReference; fileEncoding = 4; lastKnownFileType = sourcecode.c.objc; path = SKQueueScheduler.m; sourceTree = "<group>"; };
		C94CD4611F24AB760083E200 /* SKScheduler.h */ = {isa = PBXFileReference; fileEncoding = 4; lastKnownFileType = sourcecode.c.h; path = SKScheduler.h; sourceTree = "<group>"; };
		C94CD4621F24AB760083E200 /* SKScheduler.m */ = {isa = PBXFileReference; fileEncoding = 4; lastKnownFileType = sourcecode.c.objc; path = SKScheduler.m; sourceTree = "<group>"; };
		C94CD4631F24AB760083E200 /* SKSerialQueueScheduler.h */ = {isa = PBXFileReference; fileEncoding = 4; lastKnownFileType = sourcecode.c.h; path = SKSerialQueueScheduler.h; sourceTree = "<group>"; };
		C94CD4641F24AB760083E200 /* SKSerialQueueScheduler.m */ = {isa = PBXFileReference; fileEncoding = 4; lastKnownFileType = sourcecode.c.objc; path = SKSerialQueueScheduler.m; sourceTree = "<group>"; };
		C94EF6431ECF655C0037D06E /* Test.h */ = {isa = PBXFileReference; fileEncoding = 4; lastKnownFileType = sourcecode.c.h; path = Test.h; sourceTree = "<group>"; };
		C94EF6441ECF655C0037D06E /* Test.m */ = {isa = PBXFileReference; fileEncoding = 4; lastKnownFileType = sourcecode.c.objc; path = Test.m; sourceTree = "<group>"; };
		C95273A81E8E6A0B0017B78F /* SKSignal.h */ = {isa = PBXFileReference; fileEncoding = 4; lastKnownFileType = sourcecode.c.h; path = SKSignal.h; sourceTree = "<group>"; };
		C95273A91E8E6A0B0017B78F /* SKSignal.m */ = {isa = PBXFileReference; fileEncoding = 4; lastKnownFileType = sourcecode.c.objc; path = SKSignal.m; sourceTree = "<group>"; };
		C955498A1E8CE92B003C55AF /* SecondController.h */ = {isa = PBXFileReference; fileEncoding = 4; lastKnownFileType = sourcecode.c.h; path = SecondController.h; sourceTree = "<group>"; };
		C955498B1E8CE92B003C55AF /* SecondController.m */ = {isa = PBXFileReference; fileEncoding = 4; lastKnownFileType = sourcecode.c.objc; path = SecondController.m; sourceTree = "<group>"; };
		C981B1F51E8A40230057425D /* SKMetaMarco.h */ = {isa = PBXFileReference; fileEncoding = 4; lastKnownFileType = sourcecode.c.h; path = SKMetaMarco.h; sourceTree = "<group>"; };
		C981B1F61E8A43E70057425D /* SKKeyPathMarco.h */ = {isa = PBXFileReference; fileEncoding = 4; lastKnownFileType = sourcecode.c.h; path = SKKeyPathMarco.h; sourceTree = "<group>"; };
		C981B20E1E8A51820057425D /* SKObjectifyMarco.h */ = {isa = PBXFileReference; fileEncoding = 4; lastKnownFileType = sourcecode.c.h; path = SKObjectifyMarco.h; sourceTree = "<group>"; };
		C9A392F11ED1BB6B00EFA3B8 /* SKCommand.h */ = {isa = PBXFileReference; fileEncoding = 4; lastKnownFileType = sourcecode.c.h; path = SKCommand.h; sourceTree = "<group>"; };
		C9A392F21ED1BB6B00EFA3B8 /* SKCommand.m */ = {isa = PBXFileReference; fileEncoding = 4; lastKnownFileType = sourcecode.c.objc; path = SKCommand.m; sourceTree = "<group>"; };
		C9AC594E1F06AADD006829CC /* SKSubject.h */ = {isa = PBXFileReference; fileEncoding = 4; lastKnownFileType = sourcecode.c.h; path = SKSubject.h; sourceTree = "<group>"; };
		C9AC594F1F06AADD006829CC /* SKSubject.m */ = {isa = PBXFileReference; fileEncoding = 4; lastKnownFileType = sourcecode.c.objc; path = SKSubject.m; sourceTree = "<group>"; };
		C9B62B711E06BE0400920035 /* StreamKitDemo.app */ = {isa = PBXFileReference; explicitFileType = wrapper.application; includeInIndex = 0; path = StreamKitDemo.app; sourceTree = BUILT_PRODUCTS_DIR; };
		C9B62B8A1E06BE0400920035 /* StreamKitDemoTests.xctest */ = {isa = PBXFileReference; explicitFileType = wrapper.cfbundle; includeInIndex = 0; path = StreamKitDemoTests.xctest; sourceTree = BUILT_PRODUCTS_DIR; };
		C9B62B8E1E06BE0400920035 /* StreamKitTests.m */ = {isa = PBXFileReference; lastKnownFileType = sourcecode.c.objc; path = StreamKitTests.m; sourceTree = "<group>"; };
		C9B62B901E06BE0400920035 /* Info.plist */ = {isa = PBXFileReference; lastKnownFileType = text.plist.xml; path = Info.plist; sourceTree = "<group>"; };
		C9B62B951E06BE0400920035 /* StreamKitDemoUITests.xctest */ = {isa = PBXFileReference; explicitFileType = wrapper.cfbundle; includeInIndex = 0; path = StreamKitDemoUITests.xctest; sourceTree = BUILT_PRODUCTS_DIR; };
		C9B62B991E06BE0400920035 /* StreamKitUITests.m */ = {isa = PBXFileReference; lastKnownFileType = sourcecode.c.objc; path = StreamKitUITests.m; sourceTree = "<group>"; };
		C9B62B9B1E06BE0400920035 /* Info.plist */ = {isa = PBXFileReference; lastKnownFileType = text.plist.xml; path = Info.plist; sourceTree = "<group>"; };
		C9C65F291F10039A0071450A /* NSNotificationCenter+SKSignalSupport.h */ = {isa = PBXFileReference; fileEncoding = 4; lastKnownFileType = sourcecode.c.h; path = "NSNotificationCenter+SKSignalSupport.h"; sourceTree = "<group>"; };
		C9C65F2A1F10039A0071450A /* NSNotificationCenter+SKSignalSupport.m */ = {isa = PBXFileReference; fileEncoding = 4; lastKnownFileType = sourcecode.c.objc; path = "NSNotificationCenter+SKSignalSupport.m"; sourceTree = "<group>"; };
		C9DCC3EB1E975A18006E9B82 /* SKSubscribringObserverTrampoline.h */ = {isa = PBXFileReference; fileEncoding = 4; lastKnownFileType = sourcecode.c.h; path = SKSubscribringObserverTrampoline.h; sourceTree = "<group>"; };
		C9DCC3EC1E975A18006E9B82 /* SKSubscribringObserverTrampoline.m */ = {isa = PBXFileReference; fileEncoding = 4; lastKnownFileType = sourcecode.c.objc; path = SKSubscribringObserverTrampoline.m; sourceTree = "<group>"; };
		C9F3E0E91E94E9CA000661E0 /* SKSubscriber.h */ = {isa = PBXFileReference; fileEncoding = 4; lastKnownFileType = sourcecode.c.h; path = SKSubscriber.h; sourceTree = "<group>"; };
		C9F3E0EC1E94EACA000661E0 /* SKSubscriber.m */ = {isa = PBXFileReference; fileEncoding = 4; lastKnownFileType = sourcecode.c.objc; path = SKSubscriber.m; sourceTree = "<group>"; };
		C9FB33D620CEBA7D007E32A4 /* SKScopedDisposable.h */ = {isa = PBXFileReference; lastKnownFileType = sourcecode.c.h; path = SKScopedDisposable.h; sourceTree = "<group>"; };
		C9FB33D720CEBA7D007E32A4 /* SKScopedDisposable.m */ = {isa = PBXFileReference; lastKnownFileType = sourcecode.c.objc; path = SKScopedDisposable.m; sourceTree = "<group>"; };
		C9FB33D920D62CC2007E32A4 /* SKSerialDisposable.h */ = {isa = PBXFileReference; lastKnownFileType = sourcecode.c.h; path = SKSerialDisposable.h; sourceTree = "<group>"; };
		C9FB33DA20D62CC2007E32A4 /* SKSerialDisposable.m */ = {isa = PBXFileReference; lastKnownFileType = sourcecode.c.objc; path = SKSerialDisposable.m; sourceTree = "<group>"; };
		C9FB33DC20D6C197007E32A4 /* SKValueNil.h */ = {isa = PBXFileReference; lastKnownFileType = sourcecode.c.h; path = SKValueNil.h; sourceTree = "<group>"; };
		C9FB33DD20D6C197007E32A4 /* SKValueNil.m */ = {isa = PBXFileReference; lastKnownFileType = sourcecode.c.objc; path = SKValueNil.m; sourceTree = "<group>"; };
		C9FB33E520D762A2007E32A4 /* SKBlockTrampoline.h */ = {isa = PBXFileReference; lastKnownFileType = sourcecode.c.h; path = SKBlockTrampoline.h; sourceTree = "<group>"; };
		C9FB33E620D762A2007E32A4 /* SKBlockTrampoline.m */ = {isa = PBXFileReference; lastKnownFileType = sourcecode.c.objc; path = SKBlockTrampoline.m; sourceTree = "<group>"; };
		C9FB33E820DD33DE007E32A4 /* NSObject+SKDeallocating.h */ = {isa = PBXFileReference; lastKnownFileType = sourcecode.c.h; path = "NSObject+SKDeallocating.h"; sourceTree = "<group>"; };
		C9FB33E920DD33DE007E32A4 /* NSObject+SKDeallocating.m */ = {isa = PBXFileReference; lastKnownFileType = sourcecode.c.objc; path = "NSObject+SKDeallocating.m"; sourceTree = "<group>"; };
		C9FB343F20DF5A4E007E32A4 /* NSObject+SKObservering.h */ = {isa = PBXFileReference; lastKnownFileType = sourcecode.c.h; path = "NSObject+SKObservering.h"; sourceTree = "<group>"; };
		C9FB344020DF5A4E007E32A4 /* NSObject+SKObservering.m */ = {isa = PBXFileReference; lastKnownFileType = sourcecode.c.objc; path = "NSObject+SKObservering.m"; sourceTree = "<group>"; };
		C9FB344220DF75C4007E32A4 /* NSObject+SKSelectorSignal.h */ = {isa = PBXFileReference; lastKnownFileType = sourcecode.c.h; path = "NSObject+SKSelectorSignal.h"; sourceTree = "<group>"; };
		C9FB344320DF75C4007E32A4 /* NSObject+SKSelectorSignal.m */ = {isa = PBXFileReference; lastKnownFileType = sourcecode.c.objc; path = "NSObject+SKSelectorSignal.m"; sourceTree = "<group>"; };
		C9FB344520DFE548007E32A4 /* SKTextView.h */ = {isa = PBXFileReference; lastKnownFileType = sourcecode.c.h; path = SKTextView.h; sourceTree = "<group>"; };
		C9FB344620DFE548007E32A4 /* SKTextView.m */ = {isa = PBXFileReference; lastKnownFileType = sourcecode.c.objc; path = SKTextView.m; sourceTree = "<group>"; };
		C9FB344B20DFE5C3007E32A4 /* UITextField+SKSignalSupport.h */ = {isa = PBXFileReference; fileEncoding = 4; lastKnownFileType = sourcecode.c.h; path = "UITextField+SKSignalSupport.h"; sourceTree = "<group>"; };
		C9FB345020DFE5C3007E32A4 /* UIControl+SKSignalSupport.m */ = {isa = PBXFileReference; fileEncoding = 4; lastKnownFileType = sourcecode.c.objc; path = "UIControl+SKSignalSupport.m"; sourceTree = "<group>"; };
		C9FB345120DFE5C3007E32A4 /* UIGestureRecognizer+SKSignalSupport.h */ = {isa = PBXFileReference; fileEncoding = 4; lastKnownFileType = sourcecode.c.h; path = "UIGestureRecognizer+SKSignalSupport.h"; sourceTree = "<group>"; };
		C9FB345520DFE5C3007E32A4 /* UITextField+SKSignalSupport.m */ = {isa = PBXFileReference; fileEncoding = 4; lastKnownFileType = sourcecode.c.objc; path = "UITextField+SKSignalSupport.m"; sourceTree = "<group>"; };
		C9FB345920DFE5C3007E32A4 /* UIGestureRecognizer+SKSignalSupport.m */ = {isa = PBXFileReference; fileEncoding = 4; lastKnownFileType = sourcecode.c.objc; path = "UIGestureRecognizer+SKSignalSupport.m"; sourceTree = "<group>"; };
		C9FB345A20DFE5C3007E32A4 /* UIControl+SKSignalSupport.h */ = {isa = PBXFileReference; fileEncoding = 4; lastKnownFileType = sourcecode.c.h; path = "UIControl+SKSignalSupport.h"; sourceTree = "<group>"; };
		C9FB346420E5198A007E32A4 /* UIButton+SKSignalSupport.h */ = {isa = PBXFileReference; lastKnownFileType = sourcecode.c.h; path = "UIButton+SKSignalSupport.h"; sourceTree = "<group>"; };
		C9FB346520E5198A007E32A4 /* UIButton+SKSignalSupport.m */ = {isa = PBXFileReference; lastKnownFileType = sourcecode.c.objc; path = "UIButton+SKSignalSupport.m"; sourceTree = "<group>"; };
		C9FB346720E51DB0007E32A4 /* UITextView+SKSignalSupport.h */ = {isa = PBXFileReference; lastKnownFileType = sourcecode.c.h; path = "UITextView+SKSignalSupport.h"; sourceTree = "<group>"; };
		C9FB346820E51DB0007E32A4 /* UITextView+SKSignalSupport.m */ = {isa = PBXFileReference; lastKnownFileType = sourcecode.c.objc; path = "UITextView+SKSignalSupport.m"; sourceTree = "<group>"; };
		C9FB346A20E728E9007E32A4 /* NSObject+SKDelegateProxy.h */ = {isa = PBXFileReference; lastKnownFileType = sourcecode.c.h; path = "NSObject+SKDelegateProxy.h"; sourceTree = "<group>"; };
		C9FB346B20E728E9007E32A4 /* NSObject+SKDelegateProxy.m */ = {isa = PBXFileReference; lastKnownFileType = sourcecode.c.objc; path = "NSObject+SKDelegateProxy.m"; sourceTree = "<group>"; };
		C9FB346D20E7B60C007E32A4 /* NSInvocation+SKValues.h */ = {isa = PBXFileReference; lastKnownFileType = sourcecode.c.h; path = "NSInvocation+SKValues.h"; sourceTree = "<group>"; };
		C9FB346E20E7B60C007E32A4 /* NSInvocation+SKValues.m */ = {isa = PBXFileReference; lastKnownFileType = sourcecode.c.objc; path = "NSInvocation+SKValues.m"; sourceTree = "<group>"; };
		C9FB347120E8C27F007E32A4 /* UITextView+SKDelegateProxy.h */ = {isa = PBXFileReference; lastKnownFileType = sourcecode.c.h; path = "UITextView+SKDelegateProxy.h"; sourceTree = "<group>"; };
		C9FB347220E8C27F007E32A4 /* UITextView+SKDelegateProxy.m */ = {isa = PBXFileReference; lastKnownFileType = sourcecode.c.objc; path = "UITextView+SKDelegateProxy.m"; sourceTree = "<group>"; };
		C9FB347420E8C349007E32A4 /* UITextField+SKDelegateProxy.h */ = {isa = PBXFileReference; lastKnownFileType = sourcecode.c.h; path = "UITextField+SKDelegateProxy.h"; sourceTree = "<group>"; };
		C9FB347520E8C349007E32A4 /* UITextField+SKDelegateProxy.m */ = {isa = PBXFileReference; lastKnownFileType = sourcecode.c.objc; path = "UITextField+SKDelegateProxy.m"; sourceTree = "<group>"; };
		C9FB347720E8C638007E32A4 /* UIScrollView+SKDelegateProxy.h */ = {isa = PBXFileReference; lastKnownFileType = sourcecode.c.h; path = "UIScrollView+SKDelegateProxy.h"; sourceTree = "<group>"; };
		C9FB347820E8C638007E32A4 /* UIScrollView+SKDelegateProxy.m */ = {isa = PBXFileReference; lastKnownFileType = sourcecode.c.objc; path = "UIScrollView+SKDelegateProxy.m"; sourceTree = "<group>"; };
		C9FB347A20E8C68D007E32A4 /* UIImagePickerController+SKDelegateProxy.h */ = {isa = PBXFileReference; lastKnownFileType = sourcecode.c.h; path = "UIImagePickerController+SKDelegateProxy.h"; sourceTree = "<group>"; };
		C9FB347B20E8C68D007E32A4 /* UIImagePickerController+SKDelegateProxy.m */ = {isa = PBXFileReference; lastKnownFileType = sourcecode.c.objc; path = "UIImagePickerController+SKDelegateProxy.m"; sourceTree = "<group>"; };
		C9FB347D20ED0AC2007E32A4 /* SKMulticastConnection.h */ = {isa = PBXFileReference; lastKnownFileType = sourcecode.c.h; path = SKMulticastConnection.h; sourceTree = "<group>"; };
		C9FB347E20ED0AC2007E32A4 /* SKMulticastConnection.m */ = {isa = PBXFileReference; lastKnownFileType = sourcecode.c.objc; path = SKMulticastConnection.m; sourceTree = "<group>"; };
		C9FB348020ED0B1B007E32A4 /* SKMulticastConection+Private.h */ = {isa = PBXFileReference; lastKnownFileType = sourcecode.c.h; path = "SKMulticastConection+Private.h"; sourceTree = "<group>"; };
		E4DCE42D9F4B44C44D1CA9FA /* Pods-StreamKitDemo.debug.xcconfig */ = {isa = PBXFileReference; includeInIndex = 1; lastKnownFileType = text.xcconfig; name = "Pods-StreamKitDemo.debug.xcconfig"; path = "Pods/Target Support Files/Pods-StreamKitDemo/Pods-StreamKitDemo.debug.xcconfig"; sourceTree = "<group>"; };
/* End PBXFileReference section */

/* Begin PBXFrameworksBuildPhase section */
		C9B62B6E1E06BE0300920035 /* Frameworks */ = {
			isa = PBXFrameworksBuildPhase;
			buildActionMask = 2147483647;
			files = (
				C3E73CBF94C220E3528C6998 /* libPods-StreamKitDemo.a in Frameworks */,
			);
			runOnlyForDeploymentPostprocessing = 0;
		};
		C9B62B871E06BE0400920035 /* Frameworks */ = {
			isa = PBXFrameworksBuildPhase;
			buildActionMask = 2147483647;
			files = (
			);
			runOnlyForDeploymentPostprocessing = 0;
		};
		C9B62B921E06BE0400920035 /* Frameworks */ = {
			isa = PBXFrameworksBuildPhase;
			buildActionMask = 2147483647;
			files = (
			);
			runOnlyForDeploymentPostprocessing = 0;
		};
/* End PBXFrameworksBuildPhase section */

/* Begin PBXGroup section */
		3097E2B1035C87ADA76EC6DB /* Frameworks */ = {
			isa = PBXGroup;
			children = (
				27B378167200FBC5A990C676 /* libPods-StreamKitDemo.a */,
			);
			name = Frameworks;
			sourceTree = "<group>";
		};
		51F0355C639EC1C8EC1CC9E8 /* Pods */ = {
			isa = PBXGroup;
			children = (
				E4DCE42D9F4B44C44D1CA9FA /* Pods-StreamKitDemo.debug.xcconfig */,
				C2B74F3A9131EAA4C24F954E /* Pods-StreamKitDemo.release.xcconfig */,
			);
			name = Pods;
			sourceTree = "<group>";
		};
		7416AA6A1E121B0C00A970A3 /* StreamKitDemo */ = {
			isa = PBXGroup;
			children = (
				7416AA6B1E121B0C00A970A3 /* AppDelegate.h */,
				7416AA6C1E121B0C00A970A3 /* AppDelegate.m */,
				7416AA6D1E121B0C00A970A3 /* Assets.xcassets */,
				7416AA6E1E121B0C00A970A3 /* LaunchScreen.storyboard */,
				7416AA701E121B0C00A970A3 /* Main.storyboard */,
				7416AA721E121B0C00A970A3 /* Info.plist */,
				7416AA731E121B0C00A970A3 /* main.m */,
				C9FB344520DFE548007E32A4 /* SKTextView.h */,
				C9FB344620DFE548007E32A4 /* SKTextView.m */,
				8857DB9B20D254AA00AF3B01 /* ViewController.h */,
				8857DB9C20D254AA00AF3B01 /* ViewController.m */,
				C955498A1E8CE92B003C55AF /* SecondController.h */,
				C955498B1E8CE92B003C55AF /* SecondController.m */,
				C94EF6431ECF655C0037D06E /* Test.h */,
				C94EF6441ECF655C0037D06E /* Test.m */,
			);
			path = StreamKitDemo;
			sourceTree = "<group>";
		};
		C91513D91E7679F800BFBCE5 /* StreamKit */ = {
			isa = PBXGroup;
			children = (
				C91513E11E7679F800BFBCE5 /* StreamKit.h */,
				C95273A71E8E69210017B78F /* Core */,
				C9FB344820DFE5C3007E32A4 /* UI */,
				C981B1F41E8A40030057425D /* Marco */,
			);
			path = StreamKit;
			sourceTree = "<group>";
		};
		C95273A71E8E69210017B78F /* Core */ = {
			isa = PBXGroup;
			children = (
				C95273A81E8E6A0B0017B78F /* SKSignal.h */,
				C95273A91E8E6A0B0017B78F /* SKSignal.m */,
				8857DBA420D26BA100AF3B01 /* SKSignal+Operations.h */,
				8857DBA520D26BA100AF3B01 /* SKSignal+Operations.m */,
				8857DBA120D26B7D00AF3B01 /* SKDynamicSignal.h */,
				8857DBA220D26B7D00AF3B01 /* SKDynamicSignal.m */,
				8857DBA720D27A6400AF3B01 /* SKReturnSignal.h */,
				8857DBA820D27A6400AF3B01 /* SKReturnSignal.m */,
				8857DBAA20D27D1600AF3B01 /* SKErrorSignal.h */,
				8857DBAB20D27D1600AF3B01 /* SKErrorSignal.m */,
				8857DBAD20D27F3300AF3B01 /* SKEmptySignal.h */,
				8857DBAE20D27F3300AF3B01 /* SKEmptySignal.m */,
				C9AC594E1F06AADD006829CC /* SKSubject.h */,
				C9AC594F1F06AADD006829CC /* SKSubject.m */,
				885A825820DB5F92004875C1 /* SKReplaySubject.h */,
				885A825920DB5F92004875C1 /* SKReplaySubject.m */,
				C9F3E0E91E94E9CA000661E0 /* SKSubscriber.h */,
				C9F3E0EC1E94EACA000661E0 /* SKSubscriber.m */,
				88610DF520D8A273002DE2B7 /* SKPassthroughSubscriber.h */,
				88610DF620D8A273002DE2B7 /* SKPassthroughSubscriber.m */,
				C9FB33E820DD33DE007E32A4 /* NSObject+SKDeallocating.h */,
				C9FB33E920DD33DE007E32A4 /* NSObject+SKDeallocating.m */,
				C9FB343F20DF5A4E007E32A4 /* NSObject+SKObservering.h */,
				C9FB344020DF5A4E007E32A4 /* NSObject+SKObservering.m */,
				C9FB344220DF75C4007E32A4 /* NSObject+SKSelectorSignal.h */,
				C9FB344320DF75C4007E32A4 /* NSObject+SKSelectorSignal.m */,
				C9FB346D20E7B60C007E32A4 /* NSInvocation+SKValues.h */,
				C9FB346E20E7B60C007E32A4 /* NSInvocation+SKValues.m */,
				C9C65F291F10039A0071450A /* NSNotificationCenter+SKSignalSupport.h */,
				C9C65F2A1F10039A0071450A /* NSNotificationCenter+SKSignalSupport.m */,
				C9DCC3EB1E975A18006E9B82 /* SKSubscribringObserverTrampoline.h */,
				C9DCC3EC1E975A18006E9B82 /* SKSubscribringObserverTrampoline.m */,
				C9A392F11ED1BB6B00EFA3B8 /* SKCommand.h */,
				C9A392F21ED1BB6B00EFA3B8 /* SKCommand.m */,
				C9FB347D20ED0AC2007E32A4 /* SKMulticastConnection.h */,
				C9FB347E20ED0AC2007E32A4 /* SKMulticastConnection.m */,
				C9FB348020ED0B1B007E32A4 /* SKMulticastConection+Private.h */,
				C930A1E020CB886100E9789B /* SKDisposable.h */,
				C930A1E120CB886100E9789B /* SKDisposable.m */,
				C930A1E320CBB95C00E9789B /* SKCompoundDisposable.h */,
				C930A1E420CBB95C00E9789B /* SKCompoundDisposable.m */,
				C9FB33D620CEBA7D007E32A4 /* SKScopedDisposable.h */,
				C9FB33D720CEBA7D007E32A4 /* SKScopedDisposable.m */,
				C9FB33D920D62CC2007E32A4 /* SKSerialDisposable.h */,
				C9FB33DA20D62CC2007E32A4 /* SKSerialDisposable.m */,
				887CBB1420E638810081B522 /* SKDelegateProxy.h */,
				887CBB1520E638810081B522 /* SKDelegateProxy.m */,
				C9FB346A20E728E9007E32A4 /* NSObject+SKDelegateProxy.h */,
				C9FB346B20E728E9007E32A4 /* NSObject+SKDelegateProxy.m */,
				C9FB347120E8C27F007E32A4 /* UITextView+SKDelegateProxy.h */,
				C9FB347220E8C27F007E32A4 /* UITextView+SKDelegateProxy.m */,
				C9FB347420E8C349007E32A4 /* UITextField+SKDelegateProxy.h */,
				C9FB347520E8C349007E32A4 /* UITextField+SKDelegateProxy.m */,
				C9FB347720E8C638007E32A4 /* UIScrollView+SKDelegateProxy.h */,
				C9FB347820E8C638007E32A4 /* UIScrollView+SKDelegateProxy.m */,
				C9FB347A20E8C68D007E32A4 /* UIImagePickerController+SKDelegateProxy.h */,
				C9FB347B20E8C68D007E32A4 /* UIImagePickerController+SKDelegateProxy.m */,
				C9FB33DC20D6C197007E32A4 /* SKValueNil.h */,
				C9FB33DD20D6C197007E32A4 /* SKValueNil.m */,
				C9FB33E520D762A2007E32A4 /* SKBlockTrampoline.h */,
				C9FB33E620D762A2007E32A4 /* SKBlockTrampoline.m */,
				C94CD45B1F24AB760083E200 /* SKConcurrentQueueScheduler.h */,
				C94CD45C1F24AB760083E200 /* SKConcurrentQueueScheduler.m */,
				C94CD45D1F24AB760083E200 /* SKMainQueueScheduler.h */,
				C94CD45E1F24AB760083E200 /* SKMainQueueScheduler.m */,
				C94CD45F1F24AB760083E200 /* SKQueueScheduler.h */,
				C94CD4601F24AB760083E200 /* SKQueueScheduler.m */,
				C94CD4611F24AB760083E200 /* SKScheduler.h */,
				C94CD4621F24AB760083E200 /* SKScheduler.m */,
				C94CD4631F24AB760083E200 /* SKSerialQueueScheduler.h */,
				C94CD4641F24AB760083E200 /* SKSerialQueueScheduler.m */,
				8857DB9E20D2601900AF3B01 /* SKSubscriptionScheduler.h */,
				8857DB9F20D2601900AF3B01 /* SKSubscriptionScheduler.m */,
			);
			path = Core;
			sourceTree = "<group>";
		};
		C981B1F41E8A40030057425D /* Marco */ = {
			isa = PBXGroup;
			children = (
				C981B1F51E8A40230057425D /* SKMetaMarco.h */,
				C981B1F61E8A43E70057425D /* SKKeyPathMarco.h */,
				C981B20E1E8A51820057425D /* SKObjectifyMarco.h */,
			);
			path = Marco;
			sourceTree = "<group>";
		};
		C9B62B681E06BE0300920035 = {
			isa = PBXGroup;
			children = (
				C91513D91E7679F800BFBCE5 /* StreamKit */,
				7416AA6A1E121B0C00A970A3 /* StreamKitDemo */,
				C9B62B8D1E06BE0400920035 /* StreamKitTests */,
				C9B62B981E06BE0400920035 /* StreamKitUITests */,
				C9B62B721E06BE0400920035 /* Products */,
				51F0355C639EC1C8EC1CC9E8 /* Pods */,
				3097E2B1035C87ADA76EC6DB /* Frameworks */,
			);
			sourceTree = "<group>";
		};
		C9B62B721E06BE0400920035 /* Products */ = {
			isa = PBXGroup;
			children = (
				C9B62B711E06BE0400920035 /* StreamKitDemo.app */,
				C9B62B8A1E06BE0400920035 /* StreamKitDemoTests.xctest */,
				C9B62B951E06BE0400920035 /* StreamKitDemoUITests.xctest */,
			);
			name = Products;
			sourceTree = "<group>";
		};
		C9B62B8D1E06BE0400920035 /* StreamKitTests */ = {
			isa = PBXGroup;
			children = (
				C9B62B8E1E06BE0400920035 /* StreamKitTests.m */,
				C9B62B901E06BE0400920035 /* Info.plist */,
			);
			path = StreamKitTests;
			sourceTree = "<group>";
		};
		C9B62B981E06BE0400920035 /* StreamKitUITests */ = {
			isa = PBXGroup;
			children = (
				C9B62B991E06BE0400920035 /* StreamKitUITests.m */,
				C9B62B9B1E06BE0400920035 /* Info.plist */,
			);
			path = StreamKitUITests;
			sourceTree = "<group>";
		};
		C9FB344820DFE5C3007E32A4 /* UI */ = {
			isa = PBXGroup;
			children = (
				885BCB8320E25007003ED802 /* UIView+SKSignalSupport.h */,
				885BCB8420E25007003ED802 /* UIView+SKSignalSupport.m */,
				C9FB345A20DFE5C3007E32A4 /* UIControl+SKSignalSupport.h */,
				C9FB345020DFE5C3007E32A4 /* UIControl+SKSignalSupport.m */,
				C9FB346420E5198A007E32A4 /* UIButton+SKSignalSupport.h */,
				C9FB346520E5198A007E32A4 /* UIButton+SKSignalSupport.m */,
				C9FB344B20DFE5C3007E32A4 /* UITextField+SKSignalSupport.h */,
				C9FB345520DFE5C3007E32A4 /* UITextField+SKSignalSupport.m */,
				C9FB345120DFE5C3007E32A4 /* UIGestureRecognizer+SKSignalSupport.h */,
				C9FB345920DFE5C3007E32A4 /* UIGestureRecognizer+SKSignalSupport.m */,
				C9FB346720E51DB0007E32A4 /* UITextView+SKSignalSupport.h */,
				C9FB346820E51DB0007E32A4 /* UITextView+SKSignalSupport.m */,
			);
			path = UI;
			sourceTree = "<group>";
		};
/* End PBXGroup section */

/* Begin PBXNativeTarget section */
		C9B62B701E06BE0300920035 /* StreamKitDemo */ = {
			isa = PBXNativeTarget;
			buildConfigurationList = C9B62B9E1E06BE0400920035 /* Build configuration list for PBXNativeTarget "StreamKitDemo" */;
			buildPhases = (
				04AF63A76A98FF5964B18C11 /* [CP] Check Pods Manifest.lock */,
				C9B62B6D1E06BE0300920035 /* Sources */,
				C9B62B6E1E06BE0300920035 /* Frameworks */,
				C9B62B6F1E06BE0300920035 /* Resources */,
			);
			buildRules = (
			);
			dependencies = (
			);
			name = StreamKitDemo;
			productName = StreamKit;
			productReference = C9B62B711E06BE0400920035 /* StreamKitDemo.app */;
			productType = "com.apple.product-type.application";
		};
		C9B62B891E06BE0400920035 /* StreamKitDemoTests */ = {
			isa = PBXNativeTarget;
			buildConfigurationList = C9B62BA11E06BE0400920035 /* Build configuration list for PBXNativeTarget "StreamKitDemoTests" */;
			buildPhases = (
				C9B62B861E06BE0400920035 /* Sources */,
				C9B62B871E06BE0400920035 /* Frameworks */,
				C9B62B881E06BE0400920035 /* Resources */,
			);
			buildRules = (
			);
			dependencies = (
				C9B62B8C1E06BE0400920035 /* PBXTargetDependency */,
			);
			name = StreamKitDemoTests;
			productName = StreamKitTests;
			productReference = C9B62B8A1E06BE0400920035 /* StreamKitDemoTests.xctest */;
			productType = "com.apple.product-type.bundle.unit-test";
		};
		C9B62B941E06BE0400920035 /* StreamKitDemoUITests */ = {
			isa = PBXNativeTarget;
			buildConfigurationList = C9B62BA41E06BE0400920035 /* Build configuration list for PBXNativeTarget "StreamKitDemoUITests" */;
			buildPhases = (
				C9B62B911E06BE0400920035 /* Sources */,
				C9B62B921E06BE0400920035 /* Frameworks */,
				C9B62B931E06BE0400920035 /* Resources */,
			);
			buildRules = (
			);
			dependencies = (
				C9B62B971E06BE0400920035 /* PBXTargetDependency */,
			);
			name = StreamKitDemoUITests;
			productName = StreamKitUITests;
			productReference = C9B62B951E06BE0400920035 /* StreamKitDemoUITests.xctest */;
			productType = "com.apple.product-type.bundle.ui-testing";
		};
/* End PBXNativeTarget section */

/* Begin PBXProject section */
		C9B62B691E06BE0300920035 /* Project object */ = {
			isa = PBXProject;
			attributes = {
				LastUpgradeCheck = 0930;
				ORGANIZATIONNAME = "李浩";
				TargetAttributes = {
					C9B62B701E06BE0300920035 = {
						CreatedOnToolsVersion = 8.0;
						DevelopmentTeam = DHF573YC2L;
						ProvisioningStyle = Automatic;
					};
					C9B62B891E06BE0400920035 = {
						CreatedOnToolsVersion = 8.0;
						ProvisioningStyle = Automatic;
						TestTargetID = C9B62B701E06BE0300920035;
					};
					C9B62B941E06BE0400920035 = {
						CreatedOnToolsVersion = 8.0;
						ProvisioningStyle = Automatic;
						TestTargetID = C9B62B701E06BE0300920035;
					};
				};
			};
			buildConfigurationList = C9B62B6C1E06BE0300920035 /* Build configuration list for PBXProject "StreamKitDemo" */;
			compatibilityVersion = "Xcode 3.2";
			developmentRegion = English;
			hasScannedForEncodings = 0;
			knownRegions = (
				en,
				Base,
			);
			mainGroup = C9B62B681E06BE0300920035;
			productRefGroup = C9B62B721E06BE0400920035 /* Products */;
			projectDirPath = "";
			projectRoot = "";
			targets = (
				C9B62B701E06BE0300920035 /* StreamKitDemo */,
				C9B62B891E06BE0400920035 /* StreamKitDemoTests */,
				C9B62B941E06BE0400920035 /* StreamKitDemoUITests */,
			);
		};
/* End PBXProject section */

/* Begin PBXResourcesBuildPhase section */
		C9B62B6F1E06BE0300920035 /* Resources */ = {
			isa = PBXResourcesBuildPhase;
			buildActionMask = 2147483647;
			files = (
				7416AAAF1E121B0C00A970A3 /* Main.storyboard in Resources */,
				7416AAAD1E121B0C00A970A3 /* Assets.xcassets in Resources */,
				7416AAAE1E121B0C00A970A3 /* LaunchScreen.storyboard in Resources */,
			);
			runOnlyForDeploymentPostprocessing = 0;
		};
		C9B62B881E06BE0400920035 /* Resources */ = {
			isa = PBXResourcesBuildPhase;
			buildActionMask = 2147483647;
			files = (
			);
			runOnlyForDeploymentPostprocessing = 0;
		};
		C9B62B931E06BE0400920035 /* Resources */ = {
			isa = PBXResourcesBuildPhase;
			buildActionMask = 2147483647;
			files = (
			);
			runOnlyForDeploymentPostprocessing = 0;
		};
/* End PBXResourcesBuildPhase section */

/* Begin PBXShellScriptBuildPhase section */
		04AF63A76A98FF5964B18C11 /* [CP] Check Pods Manifest.lock */ = {
			isa = PBXShellScriptBuildPhase;
			buildActionMask = 2147483647;
			files = (
			);
			inputPaths = (
				"${PODS_PODFILE_DIR_PATH}/Podfile.lock",
				"${PODS_ROOT}/Manifest.lock",
			);
			name = "[CP] Check Pods Manifest.lock";
			outputPaths = (
				"$(DERIVED_FILE_DIR)/Pods-StreamKitDemo-checkManifestLockResult.txt",
			);
			runOnlyForDeploymentPostprocessing = 0;
			shellPath = /bin/sh;
			shellScript = "diff \"${PODS_PODFILE_DIR_PATH}/Podfile.lock\" \"${PODS_ROOT}/Manifest.lock\" > /dev/null\nif [ $? != 0 ] ; then\n    # print error to STDERR\n    echo \"error: The sandbox is not in sync with the Podfile.lock. Run 'pod install' or update your CocoaPods installation.\" >&2\n    exit 1\nfi\n# This output is used by Xcode 'outputs' to avoid re-running this script phase.\necho \"SUCCESS\" > \"${SCRIPT_OUTPUT_FILE_0}\"\n";
			showEnvVarsInLog = 0;
		};
/* End PBXShellScriptBuildPhase section */

/* Begin PBXSourcesBuildPhase section */
		C9B62B6D1E06BE0300920035 /* Sources */ = {
			isa = PBXSourcesBuildPhase;
			buildActionMask = 2147483647;
			files = (
				C9FB33D820CEBA7D007E32A4 /* SKScopedDisposable.m in Sources */,
				C9DCC3ED1E975A18006E9B82 /* SKSubscribringObserverTrampoline.m in Sources */,
				C9FB347620E8C349007E32A4 /* UITextField+SKDelegateProxy.m in Sources */,
				7416AAB11E121B0C00A970A3 /* main.m in Sources */,
				C930A1E520CBB95C00E9789B /* SKCompoundDisposable.m in Sources */,
				C9FB344420DF75C4007E32A4 /* NSObject+SKSelectorSignal.m in Sources */,
				C95273AA1E8E6A0B0017B78F /* SKSignal.m in Sources */,
				C9FB347F20ED0AC2007E32A4 /* SKMulticastConnection.m in Sources */,
				C9FB344120DF5A4E007E32A4 /* NSObject+SKObservering.m in Sources */,
				C9FB33E720D762A2007E32A4 /* SKBlockTrampoline.m in Sources */,
				8857DBA320D26B7D00AF3B01 /* SKDynamicSignal.m in Sources */,
				C9FB347320E8C27F007E32A4 /* UITextView+SKDelegateProxy.m in Sources */,
				C9FB33DE20D6C197007E32A4 /* SKValueNil.m in Sources */,
				C9FB346320DFE5C3007E32A4 /* UIGestureRecognizer+SKSignalSupport.m in Sources */,
				C9AC59501F06AADD006829CC /* SKSubject.m in Sources */,
				C9C65F2B1F10039A0071450A /* NSNotificationCenter+SKSignalSupport.m in Sources */,
				C94CD4671F24AB760083E200 /* SKQueueScheduler.m in Sources */,
				8857DBA920D27A6400AF3B01 /* SKReturnSignal.m in Sources */,
				887CBB1620E638810081B522 /* SKDelegateProxy.m in Sources */,
				8857DBA020D2601900AF3B01 /* SKSubscriptionScheduler.m in Sources */,
				C9FB346020DFE5C3007E32A4 /* UITextField+SKSignalSupport.m in Sources */,
				C9FB345C20DFE5C3007E32A4 /* UIControl+SKSignalSupport.m in Sources */,
				8857DBA620D26BA100AF3B01 /* SKSignal+Operations.m in Sources */,
				C94CD4691F24AB760083E200 /* SKSerialQueueScheduler.m in Sources */,
				C9FB347920E8C638007E32A4 /* UIScrollView+SKDelegateProxy.m in Sources */,
				C9FB346620E5198A007E32A4 /* UIButton+SKSignalSupport.m in Sources */,
				C9FB33EA20DD33DE007E32A4 /* NSObject+SKDeallocating.m in Sources */,
				C94EF6451ECF655C0037D06E /* Test.m in Sources */,
				C9FB346920E51DB0007E32A4 /* UITextView+SKSignalSupport.m in Sources */,
				C9FB347C20E8C68D007E32A4 /* UIImagePickerController+SKDelegateProxy.m in Sources */,
				885A825A20DB5F92004875C1 /* SKReplaySubject.m in Sources */,
				C9FB344720DFE548007E32A4 /* SKTextView.m in Sources */,
				8857DBAF20D27F3300AF3B01 /* SKEmptySignal.m in Sources */,
				8857DBAC20D27D1600AF3B01 /* SKErrorSignal.m in Sources */,
				C94CD4681F24AB760083E200 /* SKScheduler.m in Sources */,
				885BCB8520E25007003ED802 /* UIView+SKSignalSupport.m in Sources */,
				C94CD4651F24AB760083E200 /* SKConcurrentQueueScheduler.m in Sources */,
				C9FB346F20E7B60C007E32A4 /* NSInvocation+SKValues.m in Sources */,
				7416AAAC1E121B0C00A970A3 /* AppDelegate.m in Sources */,
				8857DB9D20D254AA00AF3B01 /* ViewController.m in Sources */,
				C955498C1E8CE92B003C55AF /* SecondController.m in Sources */,
				C9FB33DB20D62CC2007E32A4 /* SKSerialDisposable.m in Sources */,
				C94CD4661F24AB760083E200 /* SKMainQueueScheduler.m in Sources */,
				C9FB346C20E728E9007E32A4 /* NSObject+SKDelegateProxy.m in Sources */,
				C9A392F31ED1BB6B00EFA3B8 /* SKCommand.m in Sources */,
				88610DF720D8A273002DE2B7 /* SKPassthroughSubscriber.m in Sources */,
				C930A1E220CB886100E9789B /* SKDisposable.m in Sources */,
				C9F3E0ED1E94EACA000661E0 /* SKSubscriber.m in Sources */,
			);
			runOnlyForDeploymentPostprocessing = 0;
		};
		C9B62B861E06BE0400920035 /* Sources */ = {
			isa = PBXSourcesBuildPhase;
			buildActionMask = 2147483647;
			files = (
				C9B62B8F1E06BE0400920035 /* StreamKitTests.m in Sources */,
			);
			runOnlyForDeploymentPostprocessing = 0;
		};
		C9B62B911E06BE0400920035 /* Sources */ = {
			isa = PBXSourcesBuildPhase;
			buildActionMask = 2147483647;
			files = (
				C9B62B9A1E06BE0400920035 /* StreamKitUITests.m in Sources */,
			);
			runOnlyForDeploymentPostprocessing = 0;
		};
/* End PBXSourcesBuildPhase section */

/* Begin PBXTargetDependency section */
		C9B62B8C1E06BE0400920035 /* PBXTargetDependency */ = {
			isa = PBXTargetDependency;
			target = C9B62B701E06BE0300920035 /* StreamKitDemo */;
			targetProxy = C9B62B8B1E06BE0400920035 /* PBXContainerItemProxy */;
		};
		C9B62B971E06BE0400920035 /* PBXTargetDependency */ = {
			isa = PBXTargetDependency;
			target = C9B62B701E06BE0300920035 /* StreamKitDemo */;
			targetProxy = C9B62B961E06BE0400920035 /* PBXContainerItemProxy */;
		};
/* End PBXTargetDependency section */

/* Begin PBXVariantGroup section */
		7416AA6E1E121B0C00A970A3 /* LaunchScreen.storyboard */ = {
			isa = PBXVariantGroup;
			children = (
				7416AA6F1E121B0C00A970A3 /* Base */,
			);
			name = LaunchScreen.storyboard;
			sourceTree = "<group>";
		};
		7416AA701E121B0C00A970A3 /* Main.storyboard */ = {
			isa = PBXVariantGroup;
			children = (
				7416AA711E121B0C00A970A3 /* Base */,
			);
			name = Main.storyboard;
			sourceTree = "<group>";
		};
/* End PBXVariantGroup section */

/* Begin XCBuildConfiguration section */
		C9B62B9C1E06BE0400920035 /* Debug */ = {
			isa = XCBuildConfiguration;
			buildSettings = {
				ALWAYS_SEARCH_USER_PATHS = NO;
				CLANG_ANALYZER_NONNULL = YES;
				CLANG_CXX_LANGUAGE_STANDARD = "gnu++0x";
				CLANG_CXX_LIBRARY = "libc++";
				CLANG_ENABLE_MODULES = YES;
				CLANG_ENABLE_OBJC_ARC = YES;
				CLANG_WARN_BLOCK_CAPTURE_AUTORELEASING = YES;
				CLANG_WARN_BOOL_CONVERSION = YES;
				CLANG_WARN_COMMA = YES;
				CLANG_WARN_CONSTANT_CONVERSION = YES;
				CLANG_WARN_DEPRECATED_OBJC_IMPLEMENTATIONS = YES;
				CLANG_WARN_DIRECT_OBJC_ISA_USAGE = YES_ERROR;
				CLANG_WARN_DOCUMENTATION_COMMENTS = YES;
				CLANG_WARN_EMPTY_BODY = YES;
				CLANG_WARN_ENUM_CONVERSION = YES;
				CLANG_WARN_INFINITE_RECURSION = YES;
				CLANG_WARN_INT_CONVERSION = YES;
				CLANG_WARN_NON_LITERAL_NULL_CONVERSION = YES;
				CLANG_WARN_OBJC_IMPLICIT_RETAIN_SELF = YES;
				CLANG_WARN_OBJC_LITERAL_CONVERSION = YES;
				CLANG_WARN_OBJC_ROOT_CLASS = YES_ERROR;
				CLANG_WARN_RANGE_LOOP_ANALYSIS = YES;
				CLANG_WARN_STRICT_PROTOTYPES = YES;
				CLANG_WARN_SUSPICIOUS_MOVE = YES;
				CLANG_WARN_SUSPICIOUS_MOVES = YES;
				CLANG_WARN_UNREACHABLE_CODE = YES;
				CLANG_WARN__DUPLICATE_METHOD_MATCH = YES;
				"CODE_SIGN_IDENTITY[sdk=iphoneos*]" = "iPhone Developer";
				COPY_PHASE_STRIP = NO;
				DEBUG_INFORMATION_FORMAT = dwarf;
				ENABLE_STRICT_OBJC_MSGSEND = YES;
				ENABLE_TESTABILITY = YES;
				GCC_C_LANGUAGE_STANDARD = gnu99;
				GCC_DYNAMIC_NO_PIC = NO;
				GCC_NO_COMMON_BLOCKS = YES;
				GCC_OPTIMIZATION_LEVEL = 0;
				GCC_PREPROCESSOR_DEFINITIONS = (
					"DEBUG=1",
					"$(inherited)",
				);
				GCC_WARN_64_TO_32_BIT_CONVERSION = YES;
				GCC_WARN_ABOUT_RETURN_TYPE = YES_ERROR;
				GCC_WARN_UNDECLARED_SELECTOR = YES;
				GCC_WARN_UNINITIALIZED_AUTOS = YES_AGGRESSIVE;
				GCC_WARN_UNUSED_FUNCTION = YES;
				GCC_WARN_UNUSED_VARIABLE = YES;
				IPHONEOS_DEPLOYMENT_TARGET = 10.0;
				MTL_ENABLE_DEBUG_INFO = YES;
				ONLY_ACTIVE_ARCH = YES;
				SDKROOT = iphoneos;
				TARGETED_DEVICE_FAMILY = "1,2";
			};
			name = Debug;
		};
		C9B62B9D1E06BE0400920035 /* Release */ = {
			isa = XCBuildConfiguration;
			buildSettings = {
				ALWAYS_SEARCH_USER_PATHS = NO;
				CLANG_ANALYZER_NONNULL = YES;
				CLANG_CXX_LANGUAGE_STANDARD = "gnu++0x";
				CLANG_CXX_LIBRARY = "libc++";
				CLANG_ENABLE_MODULES = YES;
				CLANG_ENABLE_OBJC_ARC = YES;
				CLANG_WARN_BLOCK_CAPTURE_AUTORELEASING = YES;
				CLANG_WARN_BOOL_CONVERSION = YES;
				CLANG_WARN_COMMA = YES;
				CLANG_WARN_CONSTANT_CONVERSION = YES;
				CLANG_WARN_DEPRECATED_OBJC_IMPLEMENTATIONS = YES;
				CLANG_WARN_DIRECT_OBJC_ISA_USAGE = YES_ERROR;
				CLANG_WARN_DOCUMENTATION_COMMENTS = YES;
				CLANG_WARN_EMPTY_BODY = YES;
				CLANG_WARN_ENUM_CONVERSION = YES;
				CLANG_WARN_INFINITE_RECURSION = YES;
				CLANG_WARN_INT_CONVERSION = YES;
				CLANG_WARN_NON_LITERAL_NULL_CONVERSION = YES;
				CLANG_WARN_OBJC_IMPLICIT_RETAIN_SELF = YES;
				CLANG_WARN_OBJC_LITERAL_CONVERSION = YES;
				CLANG_WARN_OBJC_ROOT_CLASS = YES_ERROR;
				CLANG_WARN_RANGE_LOOP_ANALYSIS = YES;
				CLANG_WARN_STRICT_PROTOTYPES = YES;
				CLANG_WARN_SUSPICIOUS_MOVE = YES;
				CLANG_WARN_SUSPICIOUS_MOVES = YES;
				CLANG_WARN_UNREACHABLE_CODE = YES;
				CLANG_WARN__DUPLICATE_METHOD_MATCH = YES;
				"CODE_SIGN_IDENTITY[sdk=iphoneos*]" = "iPhone Developer";
				COPY_PHASE_STRIP = NO;
				DEBUG_INFORMATION_FORMAT = "dwarf-with-dsym";
				ENABLE_NS_ASSERTIONS = NO;
				ENABLE_STRICT_OBJC_MSGSEND = YES;
				GCC_C_LANGUAGE_STANDARD = gnu99;
				GCC_NO_COMMON_BLOCKS = YES;
				GCC_WARN_64_TO_32_BIT_CONVERSION = YES;
				GCC_WARN_ABOUT_RETURN_TYPE = YES_ERROR;
				GCC_WARN_UNDECLARED_SELECTOR = YES;
				GCC_WARN_UNINITIALIZED_AUTOS = YES_AGGRESSIVE;
				GCC_WARN_UNUSED_FUNCTION = YES;
				GCC_WARN_UNUSED_VARIABLE = YES;
				IPHONEOS_DEPLOYMENT_TARGET = 10.0;
				MTL_ENABLE_DEBUG_INFO = NO;
				SDKROOT = iphoneos;
				TARGETED_DEVICE_FAMILY = "1,2";
				VALIDATE_PRODUCT = YES;
			};
			name = Release;
		};
		C9B62B9F1E06BE0400920035 /* Debug */ = {
			isa = XCBuildConfiguration;
			baseConfigurationReference = E4DCE42D9F4B44C44D1CA9FA /* Pods-StreamKitDemo.debug.xcconfig */;
			buildSettings = {
				ASSETCATALOG_COMPILER_APPICON_NAME = AppIcon;
				DEVELOPMENT_TEAM = DHF573YC2L;
				FRAMEWORK_SEARCH_PATHS = "";
				HEADER_SEARCH_PATHS = (
					"$(inherited)",
					"\"${PODS_ROOT}/Headers/Public\"",
				);
				INFOPLIST_FILE = "$(SRCROOT)/StreamKitDemo/Info.plist";
				IPHONEOS_DEPLOYMENT_TARGET = 8.0;
				LD_RUNPATH_SEARCH_PATHS = "$(inherited) @executable_path/Frameworks";
				PRODUCT_BUNDLE_IDENTIFIER = LH.StreamKit;
				PRODUCT_NAME = "$(TARGET_NAME)";
			};
			name = Debug;
		};
		C9B62BA01E06BE0400920035 /* Release */ = {
			isa = XCBuildConfiguration;
			baseConfigurationReference = C2B74F3A9131EAA4C24F954E /* Pods-StreamKitDemo.release.xcconfig */;
			buildSettings = {
				ASSETCATALOG_COMPILER_APPICON_NAME = AppIcon;
				DEVELOPMENT_TEAM = DHF573YC2L;
				FRAMEWORK_SEARCH_PATHS = "";
				HEADER_SEARCH_PATHS = (
					"$(inherited)",
					"\"${PODS_ROOT}/Headers/Public\"",
				);
				INFOPLIST_FILE = "$(SRCROOT)/StreamKitDemo/Info.plist";
				IPHONEOS_DEPLOYMENT_TARGET = 8.0;
				LD_RUNPATH_SEARCH_PATHS = "$(inherited) @executable_path/Frameworks";
				PRODUCT_BUNDLE_IDENTIFIER = LH.StreamKit;
				PRODUCT_NAME = "$(TARGET_NAME)";
			};
			name = Release;
		};
		C9B62BA21E06BE0400920035 /* Debug */ = {
			isa = XCBuildConfiguration;
			buildSettings = {
				BUNDLE_LOADER = "$(TEST_HOST)";
				INFOPLIST_FILE = StreamKitTests/Info.plist;
				LD_RUNPATH_SEARCH_PATHS = "$(inherited) @executable_path/Frameworks @loader_path/Frameworks";
				PRODUCT_BUNDLE_IDENTIFIER = LH.StreamKitTests;
				PRODUCT_NAME = "$(TARGET_NAME)";
				TEST_HOST = "$(BUILT_PRODUCTS_DIR)/StreamKitDemo.app/StreamKitDemo";
			};
			name = Debug;
		};
		C9B62BA31E06BE0400920035 /* Release */ = {
			isa = XCBuildConfiguration;
			buildSettings = {
				BUNDLE_LOADER = "$(TEST_HOST)";
				INFOPLIST_FILE = StreamKitTests/Info.plist;
				LD_RUNPATH_SEARCH_PATHS = "$(inherited) @executable_path/Frameworks @loader_path/Frameworks";
				PRODUCT_BUNDLE_IDENTIFIER = LH.StreamKitTests;
				PRODUCT_NAME = "$(TARGET_NAME)";
				TEST_HOST = "$(BUILT_PRODUCTS_DIR)/StreamKitDemo.app/StreamKitDemo";
			};
			name = Release;
		};
		C9B62BA51E06BE0400920035 /* Debug */ = {
			isa = XCBuildConfiguration;
			buildSettings = {
				INFOPLIST_FILE = StreamKitUITests/Info.plist;
				LD_RUNPATH_SEARCH_PATHS = "$(inherited) @executable_path/Frameworks @loader_path/Frameworks";
				PRODUCT_BUNDLE_IDENTIFIER = LH.StreamKitUITests;
				PRODUCT_NAME = "$(TARGET_NAME)";
				TEST_TARGET_NAME = StreamKit;
			};
			name = Debug;
		};
		C9B62BA61E06BE0400920035 /* Release */ = {
			isa = XCBuildConfiguration;
			buildSettings = {
				INFOPLIST_FILE = StreamKitUITests/Info.plist;
				LD_RUNPATH_SEARCH_PATHS = "$(inherited) @executable_path/Frameworks @loader_path/Frameworks";
				PRODUCT_BUNDLE_IDENTIFIER = LH.StreamKitUITests;
				PRODUCT_NAME = "$(TARGET_NAME)";
				TEST_TARGET_NAME = StreamKit;
			};
			name = Release;
		};
/* End XCBuildConfiguration section */

/* Begin XCConfigurationList section */
		C9B62B6C1E06BE0300920035 /* Build configuration list for PBXProject "StreamKitDemo" */ = {
			isa = XCConfigurationList;
			buildConfigurations = (
				C9B62B9C1E06BE0400920035 /* Debug */,
				C9B62B9D1E06BE0400920035 /* Release */,
			);
			defaultConfigurationIsVisible = 0;
			defaultConfigurationName = Release;
		};
		C9B62B9E1E06BE0400920035 /* Build configuration list for PBXNativeTarget "StreamKitDemo" */ = {
			isa = XCConfigurationList;
			buildConfigurations = (
				C9B62B9F1E06BE0400920035 /* Debug */,
				C9B62BA01E06BE0400920035 /* Release */,
			);
			defaultConfigurationIsVisible = 0;
			defaultConfigurationName = Release;
		};
		C9B62BA11E06BE0400920035 /* Build configuration list for PBXNativeTarget "StreamKitDemoTests" */ = {
			isa = XCConfigurationList;
			buildConfigurations = (
				C9B62BA21E06BE0400920035 /* Debug */,
				C9B62BA31E06BE0400920035 /* Release */,
			);
			defaultConfigurationIsVisible = 0;
			defaultConfigurationName = Release;
		};
		C9B62BA41E06BE0400920035 /* Build configuration list for PBXNativeTarget "StreamKitDemoUITests" */ = {
			isa = XCConfigurationList;
			buildConfigurations = (
				C9B62BA51E06BE0400920035 /* Debug */,
				C9B62BA61E06BE0400920035 /* Release */,
			);
			defaultConfigurationIsVisible = 0;
			defaultConfigurationName = Release;
		};
/* End XCConfigurationList section */
	};
	rootObject = C9B62B691E06BE0300920035 /* Project object */;
}
