PODS:
  - StreamKit (1.2.2):
    - StreamKit/NSObject (= 1.2.2)
    - StreamKit/UIGestureRecognizer (= 1.2.2)
    - StreamKit/UIScrollView (= 1.2.2)
    - StreamKit/UIView (= 1.2.2)
    - StreamKit/UIViewController (= 1.2.2)
  - StreamKit/NSObject (1.2.2)
  - StreamKit/UIGestureRecognizer (1.2.2):
    - StreamKit/NSObject
  - StreamKit/UIScrollView (1.2.2):
    - StreamKit/NSObject
    - StreamKit/UIView
  - StreamKit/UIView (1.2.2):
    - StreamKit/NSObject
  - StreamKit/UIViewController (1.2.2):
    - StreamKit/NSObject

DEPENDENCIES:
  - StreamKit

SPEC CHECKSUMS:
  StreamKit: 8739b77711d3e3180f3dba0377646c837d306047

PODFILE CHECKSUM: 972764eb922b679e8c6c6334be6947de092ea767

COCOAPODS: 1.1.1
